{
  "object": {
    "pins": [
      {
        "package": "afterparty-models-swift",
        "repositoryURL": "https://github.com/dokun1/afterparty-models-swift",
        "state": {
          "branch": null,
          "revision": "3b58e8fa6948c225c4db7c6a0a4683384aa2ac17",
          "version": "0.1.2"
        }
      }
    ]
  },
  "version": 1
}
