{
  "object": {
    "pins": [
      {
        "package": "afterparty-models-swift",
        "repositoryURL": "https://github.com/dokun1/afterparty-models-swift",
        "state": {
          "branch": null,
          "revision": "9537bde5c08f6417a29d63bce775dde57d91ed9a",
          "version": "0.1.1"
        }
      }
    ]
  },
  "version": 1
}
