// !$*UTF8*$!
{
	archiveVersion = 1;
	classes = {
	};
	objectVersion = 52;
	objects = {

/* Begin PBXBuildFile section */
		50150EF52897141000A6132A /* AddEvent.swift in Sources */ = {isa = PBXBuildFile; fileRef = 50150EF42897141000A6132A /* AddEvent.swift */; };
		50150EF9289738DC00A6132A /* PlacesSearchView.swift in Sources */ = {isa = PBXBuildFile; fileRef = 50150EF8289738DC00A6132A /* PlacesSearchView.swift */; };
		50150EFB289738EA00A6132A /* PlacesSearchViewModel.swift in Sources */ = {isa = PBXBuildFile; fileRef = 50150EFA289738EA00A6132A /* PlacesSearchViewModel.swift */; };
		5039458827719EFA00468D22 /* AppCenterDistribute in Frameworks */ = {isa = PBXBuildFile; productRef = 5039458727719EFA00468D22 /* AppCenterDistribute */; };
		504C2CED2464EE290012DA56 /* NearbyEvents.swift in Sources */ = {isa = PBXBuildFile; fileRef = 504C2CEC2464EE290012DA56 /* NearbyEvents.swift */; };
		504C2CEF2464EE8E0012DA56 /* MyEvents.swift in Sources */ = {isa = PBXBuildFile; fileRef = 504C2CEE2464EE8E0012DA56 /* MyEvents.swift */; };
		504C2E9F2464F6230012DA56 /* MapView.swift in Sources */ = {isa = PBXBuildFile; fileRef = 504C2E9E2464F6230012DA56 /* MapView.swift */; };
		507D4F8F245E52A20019C25C /* AppDelegate.swift in Sources */ = {isa = PBXBuildFile; fileRef = 507D4F8E245E52A20019C25C /* AppDelegate.swift */; };
		507D4F91245E52A20019C25C /* SceneDelegate.swift in Sources */ = {isa = PBXBuildFile; fileRef = 507D4F90245E52A20019C25C /* SceneDelegate.swift */; };
		507D4F94245E52A20019C25C /* Afterparty.xcdatamodeld in Sources */ = {isa = PBXBuildFile; fileRef = 507D4F92245E52A20019C25C /* Afterparty.xcdatamodeld */; };
		507D4F96245E52A20019C25C /* HomeView.swift in Sources */ = {isa = PBXBuildFile; fileRef = 507D4F95245E52A20019C25C /* HomeView.swift */; };
		507D4F98245E52A30019C25C /* Assets.xcassets in Resources */ = {isa = PBXBuildFile; fileRef = 507D4F97245E52A30019C25C /* Assets.xcassets */; };
		507D4F9B245E52A30019C25C /* Preview Assets.xcassets in Resources */ = {isa = PBXBuildFile; fileRef = 507D4F9A245E52A30019C25C /* Preview Assets.xcassets */; };
		507D4F9E245E52A30019C25C /* LaunchScreen.storyboard in Resources */ = {isa = PBXBuildFile; fileRef = 507D4F9C245E52A30019C25C /* LaunchScreen.storyboard */; };
		507D4FA9245E52A30019C25C /* AfterpartyTests.swift in Sources */ = {isa = PBXBuildFile; fileRef = 507D4FA8245E52A30019C25C /* AfterpartyTests.swift */; };
		507D4FB4245E52A30019C25C /* AfterpartyUITests.swift in Sources */ = {isa = PBXBuildFile; fileRef = 507D4FB3245E52A30019C25C /* AfterpartyUITests.swift */; };
		508FF7CA28B153320043127B /* AfterpartyMenu.swift in Sources */ = {isa = PBXBuildFile; fileRef = 508FF7C928B153320043127B /* AfterpartyMenu.swift */; };
		508FF7D128B31C6A0043127B /* SaveEventMockResponse.json in Resources */ = {isa = PBXBuildFile; fileRef = 508FF7D028B31C6A0043127B /* SaveEventMockResponse.json */; };
		508FF7D328B31CB10043127B /* EventDetailsViewModel.swift in Sources */ = {isa = PBXBuildFile; fileRef = 508FF7D228B31CB10043127B /* EventDetailsViewModel.swift */; };
		508FF7D528B31FBC0043127B /* GetSavedEventsMockResponse.json in Resources */ = {isa = PBXBuildFile; fileRef = 508FF7D428B31FBC0043127B /* GetSavedEventsMockResponse.json */; };
		508FF7D728B322EB0043127B /* NearbyEventsViewModel.swift in Sources */ = {isa = PBXBuildFile; fileRef = 508FF7D628B322EB0043127B /* NearbyEventsViewModel.swift */; };
		50B01F1428A83970005E2EB5 /* ProfileView.swift in Sources */ = {isa = PBXBuildFile; fileRef = 50B01F1328A83970005E2EB5 /* ProfileView.swift */; };
		50B01F1728A85E15005E2EB5 /* EventView.swift in Sources */ = {isa = PBXBuildFile; fileRef = 50B01F1628A85E15005E2EB5 /* EventView.swift */; };
		50B01F1928A85E78005E2EB5 /* ButtonStyles.swift in Sources */ = {isa = PBXBuildFile; fileRef = 50B01F1828A85E78005E2EB5 /* ButtonStyles.swift */; };
		50B01F1C28A87074005E2EB5 /* EventViewModel.swift in Sources */ = {isa = PBXBuildFile; fileRef = 50B01F1B28A87074005E2EB5 /* EventViewModel.swift */; };
		50B01F4128A957F5005E2EB5 /* Sidebar.swift in Sources */ = {isa = PBXBuildFile; fileRef = 50B01F4028A957F5005E2EB5 /* Sidebar.swift */; };
		50B74B5B2496A56E00C461CD /* afterparty-models-swift in Frameworks */ = {isa = PBXBuildFile; productRef = 50B74B5A2496A56E00C461CD /* afterparty-models-swift */; };
		50BE0DCA289EEF4600AE9D3D /* GetEventsMockResponse.json in Resources */ = {isa = PBXBuildFile; fileRef = 50BE0DC9289EEF4600AE9D3D /* GetEventsMockResponse.json */; };
		50BE0DCC289EEF7200AE9D3D /* AddEventMockResponse.json in Resources */ = {isa = PBXBuildFile; fileRef = 50BE0DCB289EEF7200AE9D3D /* AddEventMockResponse.json */; };
		50BE0DCF289EEF8900AE9D3D /* GetPlacesMockResponse.json in Resources */ = {isa = PBXBuildFile; fileRef = 50BE0DCE289EEF8900AE9D3D /* GetPlacesMockResponse.json */; };
		50BE0DD2289F1FB800AE9D3D /* AddEventViewModel.swift in Sources */ = {isa = PBXBuildFile; fileRef = 50BE0DD1289F1FB800AE9D3D /* AddEventViewModel.swift */; };
		50BE0DD4289F2C3A00AE9D3D /* MockAPI.swift in Sources */ = {isa = PBXBuildFile; fileRef = 50BE0DD3289F2C3A00AE9D3D /* MockAPI.swift */; };
		50BE0DD6289F35B800AE9D3D /* LocationManager.swift in Sources */ = {isa = PBXBuildFile; fileRef = 50BE0DD5289F35B800AE9D3D /* LocationManager.swift */; };
		50EA4F4524B168F200A1D76C /* EnvironmentVariables.swift in Sources */ = {isa = PBXBuildFile; fileRef = 50EA4F4424B168F200A1D76C /* EnvironmentVariables.swift */; };
		50EA4F4724B2116C00A1D76C /* API.swift in Sources */ = {isa = PBXBuildFile; fileRef = 50EA4F4624B2116C00A1D76C /* API.swift */; };
		50EA4F4B24B217E100A1D76C /* MyEventsViewModel.swift in Sources */ = {isa = PBXBuildFile; fileRef = 50EA4F4A24B217E100A1D76C /* MyEventsViewModel.swift */; };
		50EA4F4D24B2237A00A1D76C /* EventDetails.swift in Sources */ = {isa = PBXBuildFile; fileRef = 50EA4F4C24B2237A00A1D76C /* EventDetails.swift */; };
/* End PBXBuildFile section */

/* Begin PBXContainerItemProxy section */
		507D4FA5245E52A30019C25C /* PBXContainerItemProxy */ = {
			isa = PBXContainerItemProxy;
			containerPortal = 507D4F83245E52A20019C25C /* Project object */;
			proxyType = 1;
			remoteGlobalIDString = 507D4F8A245E52A20019C25C;
			remoteInfo = Afterparty;
		};
		507D4FB0245E52A30019C25C /* PBXContainerItemProxy */ = {
			isa = PBXContainerItemProxy;
			containerPortal = 507D4F83245E52A20019C25C /* Project object */;
			proxyType = 1;
			remoteGlobalIDString = 507D4F8A245E52A20019C25C;
			remoteInfo = Afterparty;
		};
/* End PBXContainerItemProxy section */

/* Begin PBXFileReference section */
		50150EF42897141000A6132A /* AddEvent.swift */ = {isa = PBXFileReference; lastKnownFileType = sourcecode.swift; path = AddEvent.swift; sourceTree = "<group>"; };
		50150EF8289738DC00A6132A /* PlacesSearchView.swift */ = {isa = PBXFileReference; lastKnownFileType = sourcecode.swift; path = PlacesSearchView.swift; sourceTree = "<group>"; };
		50150EFA289738EA00A6132A /* PlacesSearchViewModel.swift */ = {isa = PBXFileReference; lastKnownFileType = sourcecode.swift; path = PlacesSearchViewModel.swift; sourceTree = "<group>"; };
		504C2CEC2464EE290012DA56 /* NearbyEvents.swift */ = {isa = PBXFileReference; lastKnownFileType = sourcecode.swift; path = NearbyEvents.swift; sourceTree = "<group>"; };
		504C2CEE2464EE8E0012DA56 /* MyEvents.swift */ = {isa = PBXFileReference; lastKnownFileType = sourcecode.swift; path = MyEvents.swift; sourceTree = "<group>"; };
		504C2CF62464F02A0012DA56 /* FirebaseABTesting.xcframework */ = {isa = PBXFileReference; lastKnownFileType = wrapper.xcframework; name = FirebaseABTesting.xcframework; path = Afterparty/Dependencies/Firebase/FirebaseABTesting/FirebaseABTesting.xcframework; sourceTree = "<group>"; };
		504C2CF72464F02A0012DA56 /* Protobuf.xcframework */ = {isa = PBXFileReference; lastKnownFileType = wrapper.xcframework; name = Protobuf.xcframework; path = Afterparty/Dependencies/Firebase/FirebaseABTesting/Protobuf.xcframework; sourceTree = "<group>"; };
		504C2CFD2464F0350012DA56 /* FIRAnalyticsConnector.framework */ = {isa = PBXFileReference; lastKnownFileType = wrapper.framework; name = FIRAnalyticsConnector.framework; path = Afterparty/Dependencies/Firebase/FirebaseAnalytics/FIRAnalyticsConnector.framework; sourceTree = "<group>"; };
		504C2CFE2464F0350012DA56 /* FirebaseAnalytics.framework */ = {isa = PBXFileReference; lastKnownFileType = wrapper.framework; name = FirebaseAnalytics.framework; path = Afterparty/Dependencies/Firebase/FirebaseAnalytics/FirebaseAnalytics.framework; sourceTree = "<group>"; };
		504C2CFF2464F0350012DA56 /* FirebaseCore.xcframework */ = {isa = PBXFileReference; lastKnownFileType = wrapper.xcframework; name = FirebaseCore.xcframework; path = Afterparty/Dependencies/Firebase/FirebaseAnalytics/FirebaseCore.xcframework; sourceTree = "<group>"; };
		504C2D002464F0350012DA56 /* FirebaseCoreDiagnostics.xcframework */ = {isa = PBXFileReference; lastKnownFileType = wrapper.xcframework; name = FirebaseCoreDiagnostics.xcframework; path = Afterparty/Dependencies/Firebase/FirebaseAnalytics/FirebaseCoreDiagnostics.xcframework; sourceTree = "<group>"; };
		504C2D012464F0350012DA56 /* FirebaseInstallations.xcframework */ = {isa = PBXFileReference; lastKnownFileType = wrapper.xcframework; name = FirebaseInstallations.xcframework; path = Afterparty/Dependencies/Firebase/FirebaseAnalytics/FirebaseInstallations.xcframework; sourceTree = "<group>"; };
		504C2D0C2464F03A0012DA56 /* GoogleAppMeasurement.framework */ = {isa = PBXFileReference; lastKnownFileType = wrapper.framework; name = GoogleAppMeasurement.framework; path = Afterparty/Dependencies/Firebase/FirebaseAnalytics/GoogleAppMeasurement.framework; sourceTree = "<group>"; };
		504C2D0D2464F03A0012DA56 /* GoogleDataTransport.xcframework */ = {isa = PBXFileReference; lastKnownFileType = wrapper.xcframework; name = GoogleDataTransport.xcframework; path = Afterparty/Dependencies/Firebase/FirebaseAnalytics/GoogleDataTransport.xcframework; sourceTree = "<group>"; };
		504C2D0E2464F03A0012DA56 /* GoogleDataTransportCCTSupport.xcframework */ = {isa = PBXFileReference; lastKnownFileType = wrapper.xcframework; name = GoogleDataTransportCCTSupport.xcframework; path = Afterparty/Dependencies/Firebase/FirebaseAnalytics/GoogleDataTransportCCTSupport.xcframework; sourceTree = "<group>"; };
		504C2D0F2464F03A0012DA56 /* GoogleUtilities.xcframework */ = {isa = PBXFileReference; lastKnownFileType = wrapper.xcframework; name = GoogleUtilities.xcframework; path = Afterparty/Dependencies/Firebase/FirebaseAnalytics/GoogleUtilities.xcframework; sourceTree = "<group>"; };
		504C2D102464F03A0012DA56 /* nanopb.xcframework */ = {isa = PBXFileReference; lastKnownFileType = wrapper.xcframework; name = nanopb.xcframework; path = Afterparty/Dependencies/Firebase/FirebaseAnalytics/nanopb.xcframework; sourceTree = "<group>"; };
		504C2D112464F03A0012DA56 /* PromisesObjC.xcframework */ = {isa = PBXFileReference; lastKnownFileType = wrapper.xcframework; name = PromisesObjC.xcframework; path = Afterparty/Dependencies/Firebase/FirebaseAnalytics/PromisesObjC.xcframework; sourceTree = "<group>"; };
		504C2D1E2464F06B0012DA56 /* FirebaseCrashlytics.xcframework */ = {isa = PBXFileReference; lastKnownFileType = wrapper.xcframework; name = FirebaseCrashlytics.xcframework; path = Afterparty/Dependencies/Firebase/FirebaseCrashlytics/FirebaseCrashlytics.xcframework; sourceTree = "<group>"; };
		504C2D212464F0740012DA56 /* abseil.xcframework */ = {isa = PBXFileReference; lastKnownFileType = wrapper.xcframework; name = abseil.xcframework; path = Afterparty/Dependencies/Firebase/FirebaseFirestore/abseil.xcframework; sourceTree = "<group>"; };
		504C2D222464F0740012DA56 /* BoringSSL-GRPC.xcframework */ = {isa = PBXFileReference; lastKnownFileType = wrapper.xcframework; name = "BoringSSL-GRPC.xcframework"; path = "Afterparty/Dependencies/Firebase/FirebaseFirestore/BoringSSL-GRPC.xcframework"; sourceTree = "<group>"; };
		504C2D232464F0740012DA56 /* FirebaseFirestore.xcframework */ = {isa = PBXFileReference; lastKnownFileType = wrapper.xcframework; name = FirebaseFirestore.xcframework; path = Afterparty/Dependencies/Firebase/FirebaseFirestore/FirebaseFirestore.xcframework; sourceTree = "<group>"; };
		504C2D242464F0740012DA56 /* gRPC-C++.xcframework */ = {isa = PBXFileReference; lastKnownFileType = wrapper.xcframework; name = "gRPC-C++.xcframework"; path = "Afterparty/Dependencies/Firebase/FirebaseFirestore/gRPC-C++.xcframework"; sourceTree = "<group>"; };
		504C2D252464F0740012DA56 /* gRPC-Core.xcframework */ = {isa = PBXFileReference; lastKnownFileType = wrapper.xcframework; name = "gRPC-Core.xcframework"; path = "Afterparty/Dependencies/Firebase/FirebaseFirestore/gRPC-Core.xcframework"; sourceTree = "<group>"; };
		504C2D262464F0740012DA56 /* leveldb-library.xcframework */ = {isa = PBXFileReference; lastKnownFileType = wrapper.xcframework; name = "leveldb-library.xcframework"; path = "Afterparty/Dependencies/Firebase/FirebaseFirestore/leveldb-library.xcframework"; sourceTree = "<group>"; };
		504C2D332464F0810012DA56 /* FirebaseInstanceID.xcframework */ = {isa = PBXFileReference; lastKnownFileType = wrapper.xcframework; name = FirebaseInstanceID.xcframework; path = Afterparty/Dependencies/Firebase/FirebaseRemoteConfig/FirebaseInstanceID.xcframework; sourceTree = "<group>"; };
		504C2D342464F0810012DA56 /* FirebaseRemoteConfig.xcframework */ = {isa = PBXFileReference; lastKnownFileType = wrapper.xcframework; name = FirebaseRemoteConfig.xcframework; path = Afterparty/Dependencies/Firebase/FirebaseRemoteConfig/FirebaseRemoteConfig.xcframework; sourceTree = "<group>"; };
		504C2D392464F08F0012DA56 /* FirebaseAuth.xcframework */ = {isa = PBXFileReference; lastKnownFileType = wrapper.xcframework; name = FirebaseAuth.xcframework; path = Afterparty/Dependencies/Firebase/FirebaseAuth/FirebaseAuth.xcframework; sourceTree = "<group>"; };
		504C2E9E2464F6230012DA56 /* MapView.swift */ = {isa = PBXFileReference; lastKnownFileType = sourcecode.swift; path = MapView.swift; sourceTree = "<group>"; };
		504C2EA624659E590012DA56 /* Afterparty.entitlements */ = {isa = PBXFileReference; lastKnownFileType = text.plist.entitlements; path = Afterparty.entitlements; sourceTree = "<group>"; };
		507D4F8B245E52A20019C25C /* Afterparty.app */ = {isa = PBXFileReference; explicitFileType = wrapper.application; includeInIndex = 0; path = Afterparty.app; sourceTree = BUILT_PRODUCTS_DIR; };
		507D4F8E245E52A20019C25C /* AppDelegate.swift */ = {isa = PBXFileReference; lastKnownFileType = sourcecode.swift; path = AppDelegate.swift; sourceTree = "<group>"; };
		507D4F90245E52A20019C25C /* SceneDelegate.swift */ = {isa = PBXFileReference; lastKnownFileType = sourcecode.swift; path = SceneDelegate.swift; sourceTree = "<group>"; };
		507D4F93245E52A20019C25C /* Afterparty.xcdatamodel */ = {isa = PBXFileReference; lastKnownFileType = wrapper.xcdatamodel; path = Afterparty.xcdatamodel; sourceTree = "<group>"; };
		507D4F95245E52A20019C25C /* HomeView.swift */ = {isa = PBXFileReference; lastKnownFileType = sourcecode.swift; path = HomeView.swift; sourceTree = "<group>"; };
		507D4F97245E52A30019C25C /* Assets.xcassets */ = {isa = PBXFileReference; lastKnownFileType = folder.assetcatalog; path = Assets.xcassets; sourceTree = "<group>"; };
		507D4F9A245E52A30019C25C /* Preview Assets.xcassets */ = {isa = PBXFileReference; lastKnownFileType = folder.assetcatalog; path = "Preview Assets.xcassets"; sourceTree = "<group>"; };
		507D4F9D245E52A30019C25C /* Base */ = {isa = PBXFileReference; lastKnownFileType = file.storyboard; name = Base; path = Base.lproj/LaunchScreen.storyboard; sourceTree = "<group>"; };
		507D4F9F245E52A30019C25C /* Info.plist */ = {isa = PBXFileReference; lastKnownFileType = text.plist.xml; path = Info.plist; sourceTree = "<group>"; };
		507D4FA4245E52A30019C25C /* AfterpartyTests.xctest */ = {isa = PBXFileReference; explicitFileType = wrapper.cfbundle; includeInIndex = 0; path = AfterpartyTests.xctest; sourceTree = BUILT_PRODUCTS_DIR; };
		507D4FA8245E52A30019C25C /* AfterpartyTests.swift */ = {isa = PBXFileReference; lastKnownFileType = sourcecode.swift; path = AfterpartyTests.swift; sourceTree = "<group>"; };
		507D4FAA245E52A30019C25C /* Info.plist */ = {isa = PBXFileReference; lastKnownFileType = text.plist.xml; path = Info.plist; sourceTree = "<group>"; };
		507D4FAF245E52A30019C25C /* AfterpartyUITests.xctest */ = {isa = PBXFileReference; explicitFileType = wrapper.cfbundle; includeInIndex = 0; path = AfterpartyUITests.xctest; sourceTree = BUILT_PRODUCTS_DIR; };
		507D4FB3245E52A30019C25C /* AfterpartyUITests.swift */ = {isa = PBXFileReference; lastKnownFileType = sourcecode.swift; path = AfterpartyUITests.swift; sourceTree = "<group>"; };
		507D4FB5245E52A30019C25C /* Info.plist */ = {isa = PBXFileReference; lastKnownFileType = text.plist.xml; path = Info.plist; sourceTree = "<group>"; };
		507D4FF7245E691A0019C25C /* libsqlite3.0.tbd */ = {isa = PBXFileReference; lastKnownFileType = "sourcecode.text-based-dylib-definition"; name = libsqlite3.0.tbd; path = usr/lib/libsqlite3.0.tbd; sourceTree = SDKROOT; };
		507D4FF8245E691A0019C25C /* libsqlite3.tbd */ = {isa = PBXFileReference; lastKnownFileType = "sourcecode.text-based-dylib-definition"; name = libsqlite3.tbd; path = usr/lib/libsqlite3.tbd; sourceTree = SDKROOT; };
		508FF7C828AF25060043127B /* afterparty-models-swift */ = {isa = PBXFileReference; lastKnownFileType = wrapper; name = "afterparty-models-swift"; path = "../afterparty-models-swift"; sourceTree = "<group>"; };
		508FF7C928B153320043127B /* AfterpartyMenu.swift */ = {isa = PBXFileReference; lastKnownFileType = sourcecode.swift; path = AfterpartyMenu.swift; sourceTree = "<group>"; };
		508FF7D028B31C6A0043127B /* SaveEventMockResponse.json */ = {isa = PBXFileReference; lastKnownFileType = text.json; path = SaveEventMockResponse.json; sourceTree = "<group>"; };
		508FF7D228B31CB10043127B /* EventDetailsViewModel.swift */ = {isa = PBXFileReference; lastKnownFileType = sourcecode.swift; path = EventDetailsViewModel.swift; sourceTree = "<group>"; };
		508FF7D428B31FBC0043127B /* GetSavedEventsMockResponse.json */ = {isa = PBXFileReference; lastKnownFileType = text.json; path = GetSavedEventsMockResponse.json; sourceTree = "<group>"; };
		508FF7D628B322EB0043127B /* NearbyEventsViewModel.swift */ = {isa = PBXFileReference; lastKnownFileType = sourcecode.swift; path = NearbyEventsViewModel.swift; sourceTree = "<group>"; };
		50B01F1328A83970005E2EB5 /* ProfileView.swift */ = {isa = PBXFileReference; lastKnownFileType = sourcecode.swift; path = ProfileView.swift; sourceTree = "<group>"; };
		50B01F1628A85E15005E2EB5 /* EventView.swift */ = {isa = PBXFileReference; lastKnownFileType = sourcecode.swift; path = EventView.swift; sourceTree = "<group>"; };
		50B01F1828A85E78005E2EB5 /* ButtonStyles.swift */ = {isa = PBXFileReference; lastKnownFileType = sourcecode.swift; path = ButtonStyles.swift; sourceTree = "<group>"; };
		50B01F1B28A87074005E2EB5 /* EventViewModel.swift */ = {isa = PBXFileReference; lastKnownFileType = sourcecode.swift; path = EventViewModel.swift; sourceTree = "<group>"; };
		50B01F4028A957F5005E2EB5 /* Sidebar.swift */ = {isa = PBXFileReference; lastKnownFileType = sourcecode.swift; path = Sidebar.swift; sourceTree = "<group>"; };
		50BE0DC9289EEF4600AE9D3D /* GetEventsMockResponse.json */ = {isa = PBXFileReference; lastKnownFileType = text.json; path = GetEventsMockResponse.json; sourceTree = "<group>"; };
		50BE0DCB289EEF7200AE9D3D /* AddEventMockResponse.json */ = {isa = PBXFileReference; lastKnownFileType = text.json; path = AddEventMockResponse.json; sourceTree = "<group>"; };
		50BE0DCE289EEF8900AE9D3D /* GetPlacesMockResponse.json */ = {isa = PBXFileReference; lastKnownFileType = text.json; path = GetPlacesMockResponse.json; sourceTree = "<group>"; };
		50BE0DD1289F1FB800AE9D3D /* AddEventViewModel.swift */ = {isa = PBXFileReference; lastKnownFileType = sourcecode.swift; path = AddEventViewModel.swift; sourceTree = "<group>"; };
		50BE0DD3289F2C3A00AE9D3D /* MockAPI.swift */ = {isa = PBXFileReference; lastKnownFileType = sourcecode.swift; path = MockAPI.swift; sourceTree = "<group>"; };
		50BE0DD5289F35B800AE9D3D /* LocationManager.swift */ = {isa = PBXFileReference; lastKnownFileType = sourcecode.swift; path = LocationManager.swift; sourceTree = "<group>"; };
		50EA4F3424B1650B00A1D76C /* Dev.xcconfig */ = {isa = PBXFileReference; lastKnownFileType = text.xcconfig; path = Dev.xcconfig; sourceTree = "<group>"; };
		50EA4F3524B1652100A1D76C /* Prod.xcconfig */ = {isa = PBXFileReference; lastKnownFileType = text.xcconfig; path = Prod.xcconfig; sourceTree = "<group>"; };
		50EA4F4324B1673C00A1D76C /* Staging.xcconfig */ = {isa = PBXFileReference; lastKnownFileType = text.xcconfig; path = Staging.xcconfig; sourceTree = "<group>"; };
		50EA4F4424B168F200A1D76C /* EnvironmentVariables.swift */ = {isa = PBXFileReference; lastKnownFileType = sourcecode.swift; path = EnvironmentVariables.swift; sourceTree = "<group>"; };
		50EA4F4624B2116C00A1D76C /* API.swift */ = {isa = PBXFileReference; lastKnownFileType = sourcecode.swift; path = API.swift; sourceTree = "<group>"; };
		50EA4F4A24B217E100A1D76C /* MyEventsViewModel.swift */ = {isa = PBXFileReference; lastKnownFileType = sourcecode.swift; path = MyEventsViewModel.swift; sourceTree = "<group>"; };
		50EA4F4C24B2237A00A1D76C /* EventDetails.swift */ = {isa = PBXFileReference; lastKnownFileType = sourcecode.swift; path = EventDetails.swift; sourceTree = "<group>"; };
/* End PBXFileReference section */

/* Begin PBXFrameworksBuildPhase section */
		507D4F88245E52A20019C25C /* Frameworks */ = {
			isa = PBXFrameworksBuildPhase;
			buildActionMask = 2147483647;
			files = (
				5039458827719EFA00468D22 /* AppCenterDistribute in Frameworks */,
				50B74B5B2496A56E00C461CD /* afterparty-models-swift in Frameworks */,
			);
			runOnlyForDeploymentPostprocessing = 0;
		};
		507D4FA1245E52A30019C25C /* Frameworks */ = {
			isa = PBXFrameworksBuildPhase;
			buildActionMask = 2147483647;
			files = (
			);
			runOnlyForDeploymentPostprocessing = 0;
		};
		507D4FAC245E52A30019C25C /* Frameworks */ = {
			isa = PBXFrameworksBuildPhase;
			buildActionMask = 2147483647;
			files = (
			);
			runOnlyForDeploymentPostprocessing = 0;
		};
/* End PBXFrameworksBuildPhase section */

/* Begin PBXGroup section */
		504C2CE92464EDE50012DA56 /* Nearby Events */ = {
			isa = PBXGroup;
			children = (
				504C2CEC2464EE290012DA56 /* NearbyEvents.swift */,
				508FF7D628B322EB0043127B /* NearbyEventsViewModel.swift */,
				504C2E9E2464F6230012DA56 /* MapView.swift */,
			);
			path = "Nearby Events";
			sourceTree = "<group>";
		};
		504C2CF22464EEA10012DA56 /* My Events */ = {
			isa = PBXGroup;
			children = (
				504C2CEE2464EE8E0012DA56 /* MyEvents.swift */,
				50EA4F4A24B217E100A1D76C /* MyEventsViewModel.swift */,
				50150EF42897141000A6132A /* AddEvent.swift */,
				50BE0DD1289F1FB800AE9D3D /* AddEventViewModel.swift */,
				50150EF8289738DC00A6132A /* PlacesSearchView.swift */,
				50150EFA289738EA00A6132A /* PlacesSearchViewModel.swift */,
			);
			path = "My Events";
			sourceTree = "<group>";
		};
		506780E22896FA2A00F073DC /* RestAPI */ = {
			isa = PBXGroup;
			children = (
				50EA4F4624B2116C00A1D76C /* API.swift */,
				50BE0DD3289F2C3A00AE9D3D /* MockAPI.swift */,
				50BE0DD0289F15F500AE9D3D /* MockAPIResponses */,
			);
			path = RestAPI;
			sourceTree = "<group>";
		};
		507D4F82245E52A20019C25C = {
			isa = PBXGroup;
			children = (
				508FF7C828AF25060043127B /* afterparty-models-swift */,
				507D4F8D245E52A20019C25C /* Afterparty */,
				507D4FA7245E52A30019C25C /* AfterpartyTests */,
				507D4FB2245E52A30019C25C /* AfterpartyUITests */,
				507D4F8C245E52A20019C25C /* Products */,
				507D4FF6245E691A0019C25C /* Frameworks */,
			);
			sourceTree = "<group>";
		};
		507D4F8C245E52A20019C25C /* Products */ = {
			isa = PBXGroup;
			children = (
				507D4F8B245E52A20019C25C /* Afterparty.app */,
				507D4FA4245E52A30019C25C /* AfterpartyTests.xctest */,
				507D4FAF245E52A30019C25C /* AfterpartyUITests.xctest */,
			);
			name = Products;
			sourceTree = "<group>";
		};
		507D4F8D245E52A20019C25C /* Afterparty */ = {
			isa = PBXGroup;
			children = (
				504C2EA624659E590012DA56 /* Afterparty.entitlements */,
				507D4FC6245E5E030019C25C /* Config */,
				507D4FC3245E5DDD0019C25C /* Model */,
				507D4FC7245E5E0F0019C25C /* Views */,
				507D4F9F245E52A30019C25C /* Info.plist */,
				507D4F99245E52A30019C25C /* Preview Content */,
			);
			path = Afterparty;
			sourceTree = "<group>";
		};
		507D4F99245E52A30019C25C /* Preview Content */ = {
			isa = PBXGroup;
			children = (
				507D4F9A245E52A30019C25C /* Preview Assets.xcassets */,
			);
			path = "Preview Content";
			sourceTree = "<group>";
		};
		507D4FA7245E52A30019C25C /* AfterpartyTests */ = {
			isa = PBXGroup;
			children = (
				507D4FA8245E52A30019C25C /* AfterpartyTests.swift */,
				507D4FAA245E52A30019C25C /* Info.plist */,
			);
			path = AfterpartyTests;
			sourceTree = "<group>";
		};
		507D4FB2245E52A30019C25C /* AfterpartyUITests */ = {
			isa = PBXGroup;
			children = (
				507D4FB3245E52A30019C25C /* AfterpartyUITests.swift */,
				507D4FB5245E52A30019C25C /* Info.plist */,
			);
			path = AfterpartyUITests;
			sourceTree = "<group>";
		};
		507D4FC3245E5DDD0019C25C /* Model */ = {
			isa = PBXGroup;
			children = (
				507D4F92245E52A20019C25C /* Afterparty.xcdatamodeld */,
				506780E22896FA2A00F073DC /* RestAPI */,
			);
			path = Model;
			sourceTree = "<group>";
		};
		507D4FC6245E5E030019C25C /* Config */ = {
			isa = PBXGroup;
			children = (
				507D4F8E245E52A20019C25C /* AppDelegate.swift */,
				507D4F90245E52A20019C25C /* SceneDelegate.swift */,
				50BE0DD5289F35B800AE9D3D /* LocationManager.swift */,
				50EA4F3624B1652800A1D76C /* Environment */,
			);
			path = Config;
			sourceTree = "<group>";
		};
		507D4FC7245E5E0F0019C25C /* Views */ = {
			isa = PBXGroup;
			children = (
				507D4F9C245E52A30019C25C /* LaunchScreen.storyboard */,
				507D4F97245E52A30019C25C /* Assets.xcassets */,
				50EA4F4C24B2237A00A1D76C /* EventDetails.swift */,
				508FF7D228B31CB10043127B /* EventDetailsViewModel.swift */,
				50B01F1A28A87066005E2EB5 /* Event */,
				50B01F1828A85E78005E2EB5 /* ButtonStyles.swift */,
				50B01F1528A848C2005E2EB5 /* UserProfile */,
				504C2CE92464EDE50012DA56 /* Nearby Events */,
				504C2CF22464EEA10012DA56 /* My Events */,
				507D5078245E749E0019C25C /* HomeScreen */,
			);
			path = Views;
			sourceTree = "<group>";
		};
		507D4FF6245E691A0019C25C /* Frameworks */ = {
			isa = PBXGroup;
			children = (
				504C2CF62464F02A0012DA56 /* FirebaseABTesting.xcframework */,
				504C2CF72464F02A0012DA56 /* Protobuf.xcframework */,
				504C2CFD2464F0350012DA56 /* FIRAnalyticsConnector.framework */,
				504C2CFE2464F0350012DA56 /* FirebaseAnalytics.framework */,
				504C2CFF2464F0350012DA56 /* FirebaseCore.xcframework */,
				504C2D002464F0350012DA56 /* FirebaseCoreDiagnostics.xcframework */,
				504C2D392464F08F0012DA56 /* FirebaseAuth.xcframework */,
				504C2D0C2464F03A0012DA56 /* GoogleAppMeasurement.framework */,
				504C2D0D2464F03A0012DA56 /* GoogleDataTransport.xcframework */,
				504C2D0E2464F03A0012DA56 /* GoogleDataTransportCCTSupport.xcframework */,
				504C2D0F2464F03A0012DA56 /* GoogleUtilities.xcframework */,
				504C2D102464F03A0012DA56 /* nanopb.xcframework */,
				504C2D1E2464F06B0012DA56 /* FirebaseCrashlytics.xcframework */,
				504C2D112464F03A0012DA56 /* PromisesObjC.xcframework */,
				504C2D012464F0350012DA56 /* FirebaseInstallations.xcframework */,
				504C2D332464F0810012DA56 /* FirebaseInstanceID.xcframework */,
				504C2D342464F0810012DA56 /* FirebaseRemoteConfig.xcframework */,
				504C2D212464F0740012DA56 /* abseil.xcframework */,
				504C2D222464F0740012DA56 /* BoringSSL-GRPC.xcframework */,
				504C2D232464F0740012DA56 /* FirebaseFirestore.xcframework */,
				504C2D242464F0740012DA56 /* gRPC-C++.xcframework */,
				504C2D252464F0740012DA56 /* gRPC-Core.xcframework */,
				504C2D262464F0740012DA56 /* leveldb-library.xcframework */,
				507D4FF7245E691A0019C25C /* libsqlite3.0.tbd */,
				507D4FF8245E691A0019C25C /* libsqlite3.tbd */,
			);
			name = Frameworks;
			sourceTree = "<group>";
		};
		507D5078245E749E0019C25C /* HomeScreen */ = {
			isa = PBXGroup;
			children = (
				507D4F95245E52A20019C25C /* HomeView.swift */,
				50B01F4028A957F5005E2EB5 /* Sidebar.swift */,
				508FF7C928B153320043127B /* AfterpartyMenu.swift */,
			);
			path = HomeScreen;
			sourceTree = "<group>";
		};
		50B01F1528A848C2005E2EB5 /* UserProfile */ = {
			isa = PBXGroup;
			children = (
				50B01F1328A83970005E2EB5 /* ProfileView.swift */,
			);
			path = UserProfile;
			sourceTree = "<group>";
		};
		50B01F1A28A87066005E2EB5 /* Event */ = {
			isa = PBXGroup;
			children = (
				50B01F1628A85E15005E2EB5 /* EventView.swift */,
				50B01F1B28A87074005E2EB5 /* EventViewModel.swift */,
			);
			path = Event;
			sourceTree = "<group>";
		};
		50BE0DD0289F15F500AE9D3D /* MockAPIResponses */ = {
			isa = PBXGroup;
			children = (
				50BE0DC9289EEF4600AE9D3D /* GetEventsMockResponse.json */,
				50BE0DCB289EEF7200AE9D3D /* AddEventMockResponse.json */,
				508FF7D028B31C6A0043127B /* SaveEventMockResponse.json */,
				508FF7D428B31FBC0043127B /* GetSavedEventsMockResponse.json */,
				50BE0DCE289EEF8900AE9D3D /* GetPlacesMockResponse.json */,
			);
			path = MockAPIResponses;
			sourceTree = "<group>";
		};
		50EA4F3624B1652800A1D76C /* Environment */ = {
			isa = PBXGroup;
			children = (
				50EA4F3424B1650B00A1D76C /* Dev.xcconfig */,
				50EA4F4324B1673C00A1D76C /* Staging.xcconfig */,
				50EA4F3524B1652100A1D76C /* Prod.xcconfig */,
				50EA4F4424B168F200A1D76C /* EnvironmentVariables.swift */,
			);
			path = Environment;
			sourceTree = "<group>";
		};
/* End PBXGroup section */

/* Begin PBXNativeTarget section */
		507D4F8A245E52A20019C25C /* Afterparty */ = {
			isa = PBXNativeTarget;
			buildConfigurationList = 507D4FB8245E52A30019C25C /* Build configuration list for PBXNativeTarget "Afterparty" */;
			buildPhases = (
				507D4F87245E52A20019C25C /* Sources */,
				507D4F88245E52A20019C25C /* Frameworks */,
				507D4F89245E52A20019C25C /* Resources */,
			);
			buildRules = (
			);
			dependencies = (
			);
			name = Afterparty;
			packageProductDependencies = (
				50B74B5A2496A56E00C461CD /* afterparty-models-swift */,
				5039458727719EFA00468D22 /* AppCenterDistribute */,
			);
			productName = Afterparty;
			productReference = 507D4F8B245E52A20019C25C /* Afterparty.app */;
			productType = "com.apple.product-type.application";
		};
		507D4FA3245E52A30019C25C /* AfterpartyTests */ = {
			isa = PBXNativeTarget;
			buildConfigurationList = 507D4FBB245E52A30019C25C /* Build configuration list for PBXNativeTarget "AfterpartyTests" */;
			buildPhases = (
				507D4FA0245E52A30019C25C /* Sources */,
				507D4FA1245E52A30019C25C /* Frameworks */,
				507D4FA2245E52A30019C25C /* Resources */,
			);
			buildRules = (
			);
			dependencies = (
				507D4FA6245E52A30019C25C /* PBXTargetDependency */,
			);
			name = AfterpartyTests;
			productName = AfterpartyTests;
			productReference = 507D4FA4245E52A30019C25C /* AfterpartyTests.xctest */;
			productType = "com.apple.product-type.bundle.unit-test";
		};
		507D4FAE245E52A30019C25C /* AfterpartyUITests */ = {
			isa = PBXNativeTarget;
			buildConfigurationList = 507D4FBE245E52A30019C25C /* Build configuration list for PBXNativeTarget "AfterpartyUITests" */;
			buildPhases = (
				507D4FAB245E52A30019C25C /* Sources */,
				507D4FAC245E52A30019C25C /* Frameworks */,
				507D4FAD245E52A30019C25C /* Resources */,
			);
			buildRules = (
			);
			dependencies = (
				507D4FB1245E52A30019C25C /* PBXTargetDependency */,
			);
			name = AfterpartyUITests;
			productName = AfterpartyUITests;
			productReference = 507D4FAF245E52A30019C25C /* AfterpartyUITests.xctest */;
			productType = "com.apple.product-type.bundle.ui-testing";
		};
/* End PBXNativeTarget section */

/* Begin PBXProject section */
		507D4F83245E52A20019C25C /* Project object */ = {
			isa = PBXProject;
			attributes = {
				LastSwiftUpdateCheck = 1140;
				LastUpgradeCheck = 1200;
				ORGANIZATIONNAME = "David Okun";
				TargetAttributes = {
					507D4F8A245E52A20019C25C = {
						CreatedOnToolsVersion = 11.4.1;
						LastSwiftMigration = 1140;
					};
					507D4FA3245E52A30019C25C = {
						CreatedOnToolsVersion = 11.4.1;
						TestTargetID = 507D4F8A245E52A20019C25C;
					};
					507D4FAE245E52A30019C25C = {
						CreatedOnToolsVersion = 11.4.1;
						TestTargetID = 507D4F8A245E52A20019C25C;
					};
				};
			};
			buildConfigurationList = 507D4F86245E52A20019C25C /* Build configuration list for PBXProject "Afterparty" */;
			compatibilityVersion = "Xcode 9.3";
			developmentRegion = en;
			hasScannedForEncodings = 0;
			knownRegions = (
				en,
				Base,
			);
			mainGroup = 507D4F82245E52A20019C25C;
			packageReferences = (
				50B74B592496A56E00C461CD /* XCRemoteSwiftPackageReference "afterparty-models-swift" */,
				5039458627719EFA00468D22 /* XCRemoteSwiftPackageReference "appcenter-sdk-apple" */,
			);
			productRefGroup = 507D4F8C245E52A20019C25C /* Products */;
			projectDirPath = "";
			projectRoot = "";
			targets = (
				507D4F8A245E52A20019C25C /* Afterparty */,
				507D4FA3245E52A30019C25C /* AfterpartyTests */,
				507D4FAE245E52A30019C25C /* AfterpartyUITests */,
			);
		};
/* End PBXProject section */

/* Begin PBXResourcesBuildPhase section */
		507D4F89245E52A20019C25C /* Resources */ = {
			isa = PBXResourcesBuildPhase;
			buildActionMask = 2147483647;
			files = (
				508FF7D528B31FBC0043127B /* GetSavedEventsMockResponse.json in Resources */,
				508FF7D128B31C6A0043127B /* SaveEventMockResponse.json in Resources */,
				507D4F9E245E52A30019C25C /* LaunchScreen.storyboard in Resources */,
				50BE0DCC289EEF7200AE9D3D /* AddEventMockResponse.json in Resources */,
				50BE0DCA289EEF4600AE9D3D /* GetEventsMockResponse.json in Resources */,
				50BE0DCF289EEF8900AE9D3D /* GetPlacesMockResponse.json in Resources */,
				507D4F9B245E52A30019C25C /* Preview Assets.xcassets in Resources */,
				507D4F98245E52A30019C25C /* Assets.xcassets in Resources */,
			);
			runOnlyForDeploymentPostprocessing = 0;
		};
		507D4FA2245E52A30019C25C /* Resources */ = {
			isa = PBXResourcesBuildPhase;
			buildActionMask = 2147483647;
			files = (
			);
			runOnlyForDeploymentPostprocessing = 0;
		};
		507D4FAD245E52A30019C25C /* Resources */ = {
			isa = PBXResourcesBuildPhase;
			buildActionMask = 2147483647;
			files = (
			);
			runOnlyForDeploymentPostprocessing = 0;
		};
/* End PBXResourcesBuildPhase section */

/* Begin PBXSourcesBuildPhase section */
		507D4F87245E52A20019C25C /* Sources */ = {
			isa = PBXSourcesBuildPhase;
			buildActionMask = 2147483647;
			files = (
				50EA4F4724B2116C00A1D76C /* API.swift in Sources */,
				50EA4F4B24B217E100A1D76C /* MyEventsViewModel.swift in Sources */,
				507D4F94245E52A20019C25C /* Afterparty.xcdatamodeld in Sources */,
				504C2E9F2464F6230012DA56 /* MapView.swift in Sources */,
				50BE0DD4289F2C3A00AE9D3D /* MockAPI.swift in Sources */,
				508FF7CA28B153320043127B /* AfterpartyMenu.swift in Sources */,
				504C2CED2464EE290012DA56 /* NearbyEvents.swift in Sources */,
				50EA4F4524B168F200A1D76C /* EnvironmentVariables.swift in Sources */,
				504C2CEF2464EE8E0012DA56 /* MyEvents.swift in Sources */,
				50EA4F4D24B2237A00A1D76C /* EventDetails.swift in Sources */,
				50B01F4128A957F5005E2EB5 /* Sidebar.swift in Sources */,
				507D4F8F245E52A20019C25C /* AppDelegate.swift in Sources */,
				50B01F1C28A87074005E2EB5 /* EventViewModel.swift in Sources */,
				50B01F1928A85E78005E2EB5 /* ButtonStyles.swift in Sources */,
				50B01F1428A83970005E2EB5 /* ProfileView.swift in Sources */,
				507D4F96245E52A20019C25C /* HomeView.swift in Sources */,
				507D4F91245E52A20019C25C /* SceneDelegate.swift in Sources */,
				50B01F1728A85E15005E2EB5 /* EventView.swift in Sources */,
				508FF7D328B31CB10043127B /* EventDetailsViewModel.swift in Sources */,
				50150EF9289738DC00A6132A /* PlacesSearchView.swift in Sources */,
				50BE0DD2289F1FB800AE9D3D /* AddEventViewModel.swift in Sources */,
				508FF7D728B322EB0043127B /* NearbyEventsViewModel.swift in Sources */,
				50150EFB289738EA00A6132A /* PlacesSearchViewModel.swift in Sources */,
				50BE0DD6289F35B800AE9D3D /* LocationManager.swift in Sources */,
				50150EF52897141000A6132A /* AddEvent.swift in Sources */,
			);
			runOnlyForDeploymentPostprocessing = 0;
		};
		507D4FA0245E52A30019C25C /* Sources */ = {
			isa = PBXSourcesBuildPhase;
			buildActionMask = 2147483647;
			files = (
				507D4FA9245E52A30019C25C /* AfterpartyTests.swift in Sources */,
			);
			runOnlyForDeploymentPostprocessing = 0;
		};
		507D4FAB245E52A30019C25C /* Sources */ = {
			isa = PBXSourcesBuildPhase;
			buildActionMask = 2147483647;
			files = (
				507D4FB4245E52A30019C25C /* AfterpartyUITests.swift in Sources */,
			);
			runOnlyForDeploymentPostprocessing = 0;
		};
/* End PBXSourcesBuildPhase section */

/* Begin PBXTargetDependency section */
		507D4FA6245E52A30019C25C /* PBXTargetDependency */ = {
			isa = PBXTargetDependency;
			target = 507D4F8A245E52A20019C25C /* Afterparty */;
			targetProxy = 507D4FA5245E52A30019C25C /* PBXContainerItemProxy */;
		};
		507D4FB1245E52A30019C25C /* PBXTargetDependency */ = {
			isa = PBXTargetDependency;
			target = 507D4F8A245E52A20019C25C /* Afterparty */;
			targetProxy = 507D4FB0245E52A30019C25C /* PBXContainerItemProxy */;
		};
/* End PBXTargetDependency section */

/* Begin PBXVariantGroup section */
		507D4F9C245E52A30019C25C /* LaunchScreen.storyboard */ = {
			isa = PBXVariantGroup;
			children = (
				507D4F9D245E52A30019C25C /* Base */,
			);
			name = LaunchScreen.storyboard;
			sourceTree = "<group>";
		};
/* End PBXVariantGroup section */

/* Begin XCBuildConfiguration section */
		507D4FB6245E52A30019C25C /* Debug Dev */ = {
			isa = XCBuildConfiguration;
			baseConfigurationReference = 50EA4F3424B1650B00A1D76C /* Dev.xcconfig */;
			buildSettings = {
				ALWAYS_SEARCH_USER_PATHS = NO;
				CLANG_ANALYZER_NONNULL = YES;
				CLANG_ANALYZER_NUMBER_OBJECT_CONVERSION = YES_AGGRESSIVE;
				CLANG_CXX_LANGUAGE_STANDARD = "gnu++14";
				CLANG_CXX_LIBRARY = "libc++";
				CLANG_ENABLE_MODULES = YES;
				CLANG_ENABLE_OBJC_ARC = YES;
				CLANG_ENABLE_OBJC_WEAK = YES;
				CLANG_WARN_BLOCK_CAPTURE_AUTORELEASING = YES;
				CLANG_WARN_BOOL_CONVERSION = YES;
				CLANG_WARN_COMMA = YES;
				CLANG_WARN_CONSTANT_CONVERSION = YES;
				CLANG_WARN_DEPRECATED_OBJC_IMPLEMENTATIONS = YES;
				CLANG_WARN_DIRECT_OBJC_ISA_USAGE = YES_ERROR;
				CLANG_WARN_DOCUMENTATION_COMMENTS = YES;
				CLANG_WARN_EMPTY_BODY = YES;
				CLANG_WARN_ENUM_CONVERSION = YES;
				CLANG_WARN_INFINITE_RECURSION = YES;
				CLANG_WARN_INT_CONVERSION = YES;
				CLANG_WARN_NON_LITERAL_NULL_CONVERSION = YES;
				CLANG_WARN_OBJC_IMPLICIT_RETAIN_SELF = YES;
				CLANG_WARN_OBJC_LITERAL_CONVERSION = YES;
				CLANG_WARN_OBJC_ROOT_CLASS = YES_ERROR;
				CLANG_WARN_QUOTED_INCLUDE_IN_FRAMEWORK_HEADER = YES;
				CLANG_WARN_RANGE_LOOP_ANALYSIS = YES;
				CLANG_WARN_STRICT_PROTOTYPES = YES;
				CLANG_WARN_SUSPICIOUS_MOVE = YES;
				CLANG_WARN_UNGUARDED_AVAILABILITY = YES_AGGRESSIVE;
				CLANG_WARN_UNREACHABLE_CODE = YES;
				CLANG_WARN__DUPLICATE_METHOD_MATCH = YES;
				COPY_PHASE_STRIP = NO;
				DEBUG_INFORMATION_FORMAT = dwarf;
				ENABLE_STRICT_OBJC_MSGSEND = YES;
				ENABLE_TESTABILITY = YES;
				GCC_C_LANGUAGE_STANDARD = gnu11;
				GCC_DYNAMIC_NO_PIC = NO;
				GCC_NO_COMMON_BLOCKS = YES;
				GCC_OPTIMIZATION_LEVEL = 0;
				GCC_PREPROCESSOR_DEFINITIONS = (
					"DEBUG=1",
					"$(inherited)",
				);
				GCC_WARN_64_TO_32_BIT_CONVERSION = YES;
				GCC_WARN_ABOUT_RETURN_TYPE = YES_ERROR;
				GCC_WARN_UNDECLARED_SELECTOR = YES;
				GCC_WARN_UNINITIALIZED_AUTOS = YES_AGGRESSIVE;
				GCC_WARN_UNUSED_FUNCTION = YES;
				GCC_WARN_UNUSED_VARIABLE = YES;
				IPHONEOS_DEPLOYMENT_TARGET = 13.4;
				MTL_ENABLE_DEBUG_INFO = INCLUDE_SOURCE;
				MTL_FAST_MATH = YES;
				ONLY_ACTIVE_ARCH = YES;
				SDKROOT = iphoneos;
				SWIFT_ACTIVE_COMPILATION_CONDITIONS = DEBUG;
				SWIFT_OPTIMIZATION_LEVEL = "-Onone";
			};
			name = "Debug Dev";
		};
		507D4FB7245E52A30019C25C /* Release Dev */ = {
			isa = XCBuildConfiguration;
			baseConfigurationReference = 50EA4F3424B1650B00A1D76C /* Dev.xcconfig */;
			buildSettings = {
				ALWAYS_SEARCH_USER_PATHS = NO;
				CLANG_ANALYZER_NONNULL = YES;
				CLANG_ANALYZER_NUMBER_OBJECT_CONVERSION = YES_AGGRESSIVE;
				CLANG_CXX_LANGUAGE_STANDARD = "gnu++14";
				CLANG_CXX_LIBRARY = "libc++";
				CLANG_ENABLE_MODULES = YES;
				CLANG_ENABLE_OBJC_ARC = YES;
				CLANG_ENABLE_OBJC_WEAK = YES;
				CLANG_WARN_BLOCK_CAPTURE_AUTORELEASING = YES;
				CLANG_WARN_BOOL_CONVERSION = YES;
				CLANG_WARN_COMMA = YES;
				CLANG_WARN_CONSTANT_CONVERSION = YES;
				CLANG_WARN_DEPRECATED_OBJC_IMPLEMENTATIONS = YES;
				CLANG_WARN_DIRECT_OBJC_ISA_USAGE = YES_ERROR;
				CLANG_WARN_DOCUMENTATION_COMMENTS = YES;
				CLANG_WARN_EMPTY_BODY = YES;
				CLANG_WARN_ENUM_CONVERSION = YES;
				CLANG_WARN_INFINITE_RECURSION = YES;
				CLANG_WARN_INT_CONVERSION = YES;
				CLANG_WARN_NON_LITERAL_NULL_CONVERSION = YES;
				CLANG_WARN_OBJC_IMPLICIT_RETAIN_SELF = YES;
				CLANG_WARN_OBJC_LITERAL_CONVERSION = YES;
				CLANG_WARN_OBJC_ROOT_CLASS = YES_ERROR;
				CLANG_WARN_QUOTED_INCLUDE_IN_FRAMEWORK_HEADER = YES;
				CLANG_WARN_RANGE_LOOP_ANALYSIS = YES;
				CLANG_WARN_STRICT_PROTOTYPES = YES;
				CLANG_WARN_SUSPICIOUS_MOVE = YES;
				CLANG_WARN_UNGUARDED_AVAILABILITY = YES_AGGRESSIVE;
				CLANG_WARN_UNREACHABLE_CODE = YES;
				CLANG_WARN__DUPLICATE_METHOD_MATCH = YES;
				COPY_PHASE_STRIP = NO;
				DEBUG_INFORMATION_FORMAT = "dwarf-with-dsym";
				ENABLE_NS_ASSERTIONS = NO;
				ENABLE_STRICT_OBJC_MSGSEND = YES;
				GCC_C_LANGUAGE_STANDARD = gnu11;
				GCC_NO_COMMON_BLOCKS = YES;
				GCC_WARN_64_TO_32_BIT_CONVERSION = YES;
				GCC_WARN_ABOUT_RETURN_TYPE = YES_ERROR;
				GCC_WARN_UNDECLARED_SELECTOR = YES;
				GCC_WARN_UNINITIALIZED_AUTOS = YES_AGGRESSIVE;
				GCC_WARN_UNUSED_FUNCTION = YES;
				GCC_WARN_UNUSED_VARIABLE = YES;
				IPHONEOS_DEPLOYMENT_TARGET = 13.4;
				MTL_ENABLE_DEBUG_INFO = NO;
				MTL_FAST_MATH = YES;
				SDKROOT = iphoneos;
				SWIFT_COMPILATION_MODE = wholemodule;
				SWIFT_OPTIMIZATION_LEVEL = "-O";
				VALIDATE_PRODUCT = YES;
			};
			name = "Release Dev";
		};
		507D4FB9245E52A30019C25C /* Debug Dev */ = {
			isa = XCBuildConfiguration;
			baseConfigurationReference = 50EA4F3424B1650B00A1D76C /* Dev.xcconfig */;
			buildSettings = {
				ASSETCATALOG_COMPILER_APPICON_NAME = AppIcon;
				CLANG_ENABLE_MODULES = YES;
				CODE_SIGN_ENTITLEMENTS = Afterparty/Afterparty.entitlements;
				CODE_SIGN_IDENTITY = "Apple Development";
				"CODE_SIGN_IDENTITY[sdk=macosx*]" = "Apple Development";
				CODE_SIGN_STYLE = Automatic;
				DEVELOPMENT_ASSET_PATHS = "\"Afterparty/Preview Content\"";
				DEVELOPMENT_TEAM = RQ632LL2X3;
				ENABLE_BITCODE = NO;
				ENABLE_PREVIEWS = YES;
				FRAMEWORK_SEARCH_PATHS = "$(inherited)";
				INFOPLIST_FILE = Afterparty/Info.plist;
				IPHONEOS_DEPLOYMENT_TARGET = 15.0;
				LD_RUNPATH_SEARCH_PATHS = (
					"$(inherited)",
					"@executable_path/Frameworks",
				);
				OTHER_LDFLAGS = (
					"$(OTHER_LDFLAGS)",
					"-ObjC",
				);
				PRODUCT_BUNDLE_IDENTIFIER = "$(APP_BUNDLE_ID)";
				PRODUCT_NAME = "$(TARGET_NAME)";
				PROVISIONING_PROFILE_SPECIFIER = "";
				"PROVISIONING_PROFILE_SPECIFIER[sdk=macosx*]" = "";
				SUPPORTED_PLATFORMS = "iphoneos iphonesimulator";
				SUPPORTS_MACCATALYST = YES;
				SUPPORTS_MAC_DESIGNED_FOR_IPHONE_IPAD = NO;
				SWIFT_OBJC_BRIDGING_HEADER = "";
				SWIFT_OPTIMIZATION_LEVEL = "-Onone";
				SWIFT_VERSION = 5.0;
				TARGETED_DEVICE_FAMILY = "1,2";
			};
			name = "Debug Dev";
		};
		507D4FBA245E52A30019C25C /* Release Dev */ = {
			isa = XCBuildConfiguration;
			baseConfigurationReference = 50EA4F3424B1650B00A1D76C /* Dev.xcconfig */;
			buildSettings = {
				ASSETCATALOG_COMPILER_APPICON_NAME = AppIcon;
				CLANG_ENABLE_MODULES = YES;
				CODE_SIGN_ENTITLEMENTS = Afterparty/Afterparty.entitlements;
				CODE_SIGN_IDENTITY = "Apple Development";
				"CODE_SIGN_IDENTITY[sdk=macosx*]" = "Apple Development";
				CODE_SIGN_STYLE = Automatic;
				DEVELOPMENT_ASSET_PATHS = "\"Afterparty/Preview Content\"";
				DEVELOPMENT_TEAM = RQ632LL2X3;
				ENABLE_BITCODE = NO;
				ENABLE_PREVIEWS = YES;
				FRAMEWORK_SEARCH_PATHS = "$(inherited)";
				INFOPLIST_FILE = Afterparty/Info.plist;
				IPHONEOS_DEPLOYMENT_TARGET = 15.0;
				LD_RUNPATH_SEARCH_PATHS = (
					"$(inherited)",
					"@executable_path/Frameworks",
				);
				OTHER_LDFLAGS = (
					"$(OTHER_LDFLAGS)",
					"-ObjC",
				);
				PRODUCT_BUNDLE_IDENTIFIER = "$(APP_BUNDLE_ID)";
				PRODUCT_NAME = "$(TARGET_NAME)";
				PROVISIONING_PROFILE_SPECIFIER = "";
				"PROVISIONING_PROFILE_SPECIFIER[sdk=macosx*]" = "";
				SUPPORTED_PLATFORMS = "iphoneos iphonesimulator";
				SUPPORTS_MACCATALYST = YES;
				SUPPORTS_MAC_DESIGNED_FOR_IPHONE_IPAD = NO;
				SWIFT_OBJC_BRIDGING_HEADER = "";
				SWIFT_VERSION = 5.0;
				TARGETED_DEVICE_FAMILY = "1,2";
			};
			name = "Release Dev";
		};
		507D4FBC245E52A30019C25C /* Debug Dev */ = {
			isa = XCBuildConfiguration;
			baseConfigurationReference = 50EA4F3424B1650B00A1D76C /* Dev.xcconfig */;
			buildSettings = {
				ALWAYS_EMBED_SWIFT_STANDARD_LIBRARIES = YES;
				BUNDLE_LOADER = "$(TEST_HOST)";
				CODE_SIGN_STYLE = Automatic;
				DEVELOPMENT_TEAM = RQ632LL2X3;
				INFOPLIST_FILE = AfterpartyTests/Info.plist;
				IPHONEOS_DEPLOYMENT_TARGET = 13.4;
				LD_RUNPATH_SEARCH_PATHS = (
					"$(inherited)",
					"@executable_path/Frameworks",
					"@loader_path/Frameworks",
				);
				PRODUCT_BUNDLE_IDENTIFIER = com.okun.AfterpartyTests;
				PRODUCT_NAME = "$(TARGET_NAME)";
				SWIFT_VERSION = 5.0;
				TARGETED_DEVICE_FAMILY = "1,2";
				TEST_HOST = "$(BUILT_PRODUCTS_DIR)/Afterparty.app/Afterparty";
			};
			name = "Debug Dev";
		};
		507D4FBD245E52A30019C25C /* Release Dev */ = {
			isa = XCBuildConfiguration;
			baseConfigurationReference = 50EA4F3424B1650B00A1D76C /* Dev.xcconfig */;
			buildSettings = {
				ALWAYS_EMBED_SWIFT_STANDARD_LIBRARIES = YES;
				BUNDLE_LOADER = "$(TEST_HOST)";
				CODE_SIGN_STYLE = Automatic;
				DEVELOPMENT_TEAM = RQ632LL2X3;
				INFOPLIST_FILE = AfterpartyTests/Info.plist;
				IPHONEOS_DEPLOYMENT_TARGET = 13.4;
				LD_RUNPATH_SEARCH_PATHS = (
					"$(inherited)",
					"@executable_path/Frameworks",
					"@loader_path/Frameworks",
				);
				PRODUCT_BUNDLE_IDENTIFIER = com.okun.AfterpartyTests;
				PRODUCT_NAME = "$(TARGET_NAME)";
				SWIFT_VERSION = 5.0;
				TARGETED_DEVICE_FAMILY = "1,2";
				TEST_HOST = "$(BUILT_PRODUCTS_DIR)/Afterparty.app/Afterparty";
			};
			name = "Release Dev";
		};
		507D4FBF245E52A30019C25C /* Debug Dev */ = {
			isa = XCBuildConfiguration;
			baseConfigurationReference = 50EA4F3424B1650B00A1D76C /* Dev.xcconfig */;
			buildSettings = {
				ALWAYS_EMBED_SWIFT_STANDARD_LIBRARIES = YES;
				CODE_SIGN_STYLE = Automatic;
				DEVELOPMENT_TEAM = RQ632LL2X3;
				INFOPLIST_FILE = AfterpartyUITests/Info.plist;
				LD_RUNPATH_SEARCH_PATHS = (
					"$(inherited)",
					"@executable_path/Frameworks",
					"@loader_path/Frameworks",
				);
				PRODUCT_BUNDLE_IDENTIFIER = com.okun.AfterpartyUITests;
				PRODUCT_NAME = "$(TARGET_NAME)";
				SWIFT_VERSION = 5.0;
				TARGETED_DEVICE_FAMILY = "1,2";
				TEST_TARGET_NAME = Afterparty;
			};
			name = "Debug Dev";
		};
		507D4FC0245E52A30019C25C /* Release Dev */ = {
			isa = XCBuildConfiguration;
			baseConfigurationReference = 50EA4F3424B1650B00A1D76C /* Dev.xcconfig */;
			buildSettings = {
				ALWAYS_EMBED_SWIFT_STANDARD_LIBRARIES = YES;
				CODE_SIGN_STYLE = Automatic;
				DEVELOPMENT_TEAM = RQ632LL2X3;
				INFOPLIST_FILE = AfterpartyUITests/Info.plist;
				LD_RUNPATH_SEARCH_PATHS = (
					"$(inherited)",
					"@executable_path/Frameworks",
					"@loader_path/Frameworks",
				);
				PRODUCT_BUNDLE_IDENTIFIER = com.okun.AfterpartyUITests;
				PRODUCT_NAME = "$(TARGET_NAME)";
				SWIFT_VERSION = 5.0;
				TARGETED_DEVICE_FAMILY = "1,2";
				TEST_TARGET_NAME = Afterparty;
			};
			name = "Release Dev";
		};
		50EA4F2C24B1605F00A1D76C /* Debug Prod */ = {
			isa = XCBuildConfiguration;
			baseConfigurationReference = 50EA4F3524B1652100A1D76C /* Prod.xcconfig */;
			buildSettings = {
				ALWAYS_SEARCH_USER_PATHS = NO;
				CLANG_ANALYZER_NONNULL = YES;
				CLANG_ANALYZER_NUMBER_OBJECT_CONVERSION = YES_AGGRESSIVE;
				CLANG_CXX_LANGUAGE_STANDARD = "gnu++14";
				CLANG_CXX_LIBRARY = "libc++";
				CLANG_ENABLE_MODULES = YES;
				CLANG_ENABLE_OBJC_ARC = YES;
				CLANG_ENABLE_OBJC_WEAK = YES;
				CLANG_WARN_BLOCK_CAPTURE_AUTORELEASING = YES;
				CLANG_WARN_BOOL_CONVERSION = YES;
				CLANG_WARN_COMMA = YES;
				CLANG_WARN_CONSTANT_CONVERSION = YES;
				CLANG_WARN_DEPRECATED_OBJC_IMPLEMENTATIONS = YES;
				CLANG_WARN_DIRECT_OBJC_ISA_USAGE = YES_ERROR;
				CLANG_WARN_DOCUMENTATION_COMMENTS = YES;
				CLANG_WARN_EMPTY_BODY = YES;
				CLANG_WARN_ENUM_CONVERSION = YES;
				CLANG_WARN_INFINITE_RECURSION = YES;
				CLANG_WARN_INT_CONVERSION = YES;
				CLANG_WARN_NON_LITERAL_NULL_CONVERSION = YES;
				CLANG_WARN_OBJC_IMPLICIT_RETAIN_SELF = YES;
				CLANG_WARN_OBJC_LITERAL_CONVERSION = YES;
				CLANG_WARN_OBJC_ROOT_CLASS = YES_ERROR;
				CLANG_WARN_QUOTED_INCLUDE_IN_FRAMEWORK_HEADER = YES;
				CLANG_WARN_RANGE_LOOP_ANALYSIS = YES;
				CLANG_WARN_STRICT_PROTOTYPES = YES;
				CLANG_WARN_SUSPICIOUS_MOVE = YES;
				CLANG_WARN_UNGUARDED_AVAILABILITY = YES_AGGRESSIVE;
				CLANG_WARN_UNREACHABLE_CODE = YES;
				CLANG_WARN__DUPLICATE_METHOD_MATCH = YES;
				COPY_PHASE_STRIP = NO;
				DEBUG_INFORMATION_FORMAT = dwarf;
				ENABLE_STRICT_OBJC_MSGSEND = YES;
				ENABLE_TESTABILITY = YES;
				GCC_C_LANGUAGE_STANDARD = gnu11;
				GCC_DYNAMIC_NO_PIC = NO;
				GCC_NO_COMMON_BLOCKS = YES;
				GCC_OPTIMIZATION_LEVEL = 0;
				GCC_PREPROCESSOR_DEFINITIONS = (
					"DEBUG=1",
					"$(inherited)",
				);
				GCC_WARN_64_TO_32_BIT_CONVERSION = YES;
				GCC_WARN_ABOUT_RETURN_TYPE = YES_ERROR;
				GCC_WARN_UNDECLARED_SELECTOR = YES;
				GCC_WARN_UNINITIALIZED_AUTOS = YES_AGGRESSIVE;
				GCC_WARN_UNUSED_FUNCTION = YES;
				GCC_WARN_UNUSED_VARIABLE = YES;
				IPHONEOS_DEPLOYMENT_TARGET = 13.4;
				MTL_ENABLE_DEBUG_INFO = INCLUDE_SOURCE;
				MTL_FAST_MATH = YES;
				ONLY_ACTIVE_ARCH = YES;
				SDKROOT = iphoneos;
				SWIFT_ACTIVE_COMPILATION_CONDITIONS = DEBUG;
				SWIFT_OPTIMIZATION_LEVEL = "-Onone";
			};
			name = "Debug Prod";
		};
		50EA4F2D24B1605F00A1D76C /* Debug Prod */ = {
			isa = XCBuildConfiguration;
			baseConfigurationReference = 50EA4F3524B1652100A1D76C /* Prod.xcconfig */;
			buildSettings = {
				ASSETCATALOG_COMPILER_APPICON_NAME = AppIcon;
				CLANG_ENABLE_MODULES = YES;
				CODE_SIGN_ENTITLEMENTS = Afterparty/Afterparty.entitlements;
				CODE_SIGN_IDENTITY = "Apple Development";
				"CODE_SIGN_IDENTITY[sdk=macosx*]" = "Apple Development";
				CODE_SIGN_STYLE = Automatic;
				DEVELOPMENT_ASSET_PATHS = "\"Afterparty/Preview Content\"";
				DEVELOPMENT_TEAM = RQ632LL2X3;
				ENABLE_BITCODE = NO;
				ENABLE_PREVIEWS = YES;
				FRAMEWORK_SEARCH_PATHS = "$(inherited)";
				INFOPLIST_FILE = Afterparty/Info.plist;
				IPHONEOS_DEPLOYMENT_TARGET = 15.0;
				LD_RUNPATH_SEARCH_PATHS = (
					"$(inherited)",
					"@executable_path/Frameworks",
				);
				OTHER_LDFLAGS = (
					"$(OTHER_LDFLAGS)",
					"-ObjC",
				);
				PRODUCT_BUNDLE_IDENTIFIER = "$(APP_BUNDLE_ID)";
				PRODUCT_NAME = "$(TARGET_NAME)";
				PROVISIONING_PROFILE_SPECIFIER = "";
				"PROVISIONING_PROFILE_SPECIFIER[sdk=macosx*]" = "";
				SUPPORTED_PLATFORMS = "iphoneos iphonesimulator";
				SUPPORTS_MACCATALYST = YES;
				SUPPORTS_MAC_DESIGNED_FOR_IPHONE_IPAD = NO;
				SWIFT_OBJC_BRIDGING_HEADER = "";
				SWIFT_OPTIMIZATION_LEVEL = "-Onone";
				SWIFT_VERSION = 5.0;
				TARGETED_DEVICE_FAMILY = "1,2";
			};
			name = "Debug Prod";
		};
		50EA4F2E24B1605F00A1D76C /* Debug Prod */ = {
			isa = XCBuildConfiguration;
			baseConfigurationReference = 50EA4F3524B1652100A1D76C /* Prod.xcconfig */;
			buildSettings = {
				ALWAYS_EMBED_SWIFT_STANDARD_LIBRARIES = YES;
				BUNDLE_LOADER = "$(TEST_HOST)";
				CODE_SIGN_STYLE = Automatic;
				DEVELOPMENT_TEAM = RQ632LL2X3;
				INFOPLIST_FILE = AfterpartyTests/Info.plist;
				IPHONEOS_DEPLOYMENT_TARGET = 13.4;
				LD_RUNPATH_SEARCH_PATHS = (
					"$(inherited)",
					"@executable_path/Frameworks",
					"@loader_path/Frameworks",
				);
				PRODUCT_BUNDLE_IDENTIFIER = com.okun.AfterpartyTests;
				PRODUCT_NAME = "$(TARGET_NAME)";
				SWIFT_VERSION = 5.0;
				TARGETED_DEVICE_FAMILY = "1,2";
				TEST_HOST = "$(BUILT_PRODUCTS_DIR)/Afterparty.app/Afterparty";
			};
			name = "Debug Prod";
		};
		50EA4F2F24B1605F00A1D76C /* Debug Prod */ = {
			isa = XCBuildConfiguration;
			baseConfigurationReference = 50EA4F3524B1652100A1D76C /* Prod.xcconfig */;
			buildSettings = {
				ALWAYS_EMBED_SWIFT_STANDARD_LIBRARIES = YES;
				CODE_SIGN_STYLE = Automatic;
				DEVELOPMENT_TEAM = RQ632LL2X3;
				INFOPLIST_FILE = AfterpartyUITests/Info.plist;
				LD_RUNPATH_SEARCH_PATHS = (
					"$(inherited)",
					"@executable_path/Frameworks",
					"@loader_path/Frameworks",
				);
				PRODUCT_BUNDLE_IDENTIFIER = com.okun.AfterpartyUITests;
				PRODUCT_NAME = "$(TARGET_NAME)";
				SWIFT_VERSION = 5.0;
				TARGETED_DEVICE_FAMILY = "1,2";
				TEST_TARGET_NAME = Afterparty;
			};
			name = "Debug Prod";
		};
		50EA4F3024B1607100A1D76C /* Release Prod */ = {
			isa = XCBuildConfiguration;
			baseConfigurationReference = 50EA4F3524B1652100A1D76C /* Prod.xcconfig */;
			buildSettings = {
				ALWAYS_SEARCH_USER_PATHS = NO;
				CLANG_ANALYZER_NONNULL = YES;
				CLANG_ANALYZER_NUMBER_OBJECT_CONVERSION = YES_AGGRESSIVE;
				CLANG_CXX_LANGUAGE_STANDARD = "gnu++14";
				CLANG_CXX_LIBRARY = "libc++";
				CLANG_ENABLE_MODULES = YES;
				CLANG_ENABLE_OBJC_ARC = YES;
				CLANG_ENABLE_OBJC_WEAK = YES;
				CLANG_WARN_BLOCK_CAPTURE_AUTORELEASING = YES;
				CLANG_WARN_BOOL_CONVERSION = YES;
				CLANG_WARN_COMMA = YES;
				CLANG_WARN_CONSTANT_CONVERSION = YES;
				CLANG_WARN_DEPRECATED_OBJC_IMPLEMENTATIONS = YES;
				CLANG_WARN_DIRECT_OBJC_ISA_USAGE = YES_ERROR;
				CLANG_WARN_DOCUMENTATION_COMMENTS = YES;
				CLANG_WARN_EMPTY_BODY = YES;
				CLANG_WARN_ENUM_CONVERSION = YES;
				CLANG_WARN_INFINITE_RECURSION = YES;
				CLANG_WARN_INT_CONVERSION = YES;
				CLANG_WARN_NON_LITERAL_NULL_CONVERSION = YES;
				CLANG_WARN_OBJC_IMPLICIT_RETAIN_SELF = YES;
				CLANG_WARN_OBJC_LITERAL_CONVERSION = YES;
				CLANG_WARN_OBJC_ROOT_CLASS = YES_ERROR;
				CLANG_WARN_QUOTED_INCLUDE_IN_FRAMEWORK_HEADER = YES;
				CLANG_WARN_RANGE_LOOP_ANALYSIS = YES;
				CLANG_WARN_STRICT_PROTOTYPES = YES;
				CLANG_WARN_SUSPICIOUS_MOVE = YES;
				CLANG_WARN_UNGUARDED_AVAILABILITY = YES_AGGRESSIVE;
				CLANG_WARN_UNREACHABLE_CODE = YES;
				CLANG_WARN__DUPLICATE_METHOD_MATCH = YES;
				COPY_PHASE_STRIP = NO;
				DEBUG_INFORMATION_FORMAT = "dwarf-with-dsym";
				ENABLE_NS_ASSERTIONS = NO;
				ENABLE_STRICT_OBJC_MSGSEND = YES;
				GCC_C_LANGUAGE_STANDARD = gnu11;
				GCC_NO_COMMON_BLOCKS = YES;
				GCC_WARN_64_TO_32_BIT_CONVERSION = YES;
				GCC_WARN_ABOUT_RETURN_TYPE = YES_ERROR;
				GCC_WARN_UNDECLARED_SELECTOR = YES;
				GCC_WARN_UNINITIALIZED_AUTOS = YES_AGGRESSIVE;
				GCC_WARN_UNUSED_FUNCTION = YES;
				GCC_WARN_UNUSED_VARIABLE = YES;
				IPHONEOS_DEPLOYMENT_TARGET = 13.4;
				MTL_ENABLE_DEBUG_INFO = NO;
				MTL_FAST_MATH = YES;
				SDKROOT = iphoneos;
				SWIFT_COMPILATION_MODE = wholemodule;
				SWIFT_OPTIMIZATION_LEVEL = "-O";
				VALIDATE_PRODUCT = YES;
			};
			name = "Release Prod";
		};
		50EA4F3124B1607100A1D76C /* Release Prod */ = {
			isa = XCBuildConfiguration;
			baseConfigurationReference = 50EA4F3524B1652100A1D76C /* Prod.xcconfig */;
			buildSettings = {
				ASSETCATALOG_COMPILER_APPICON_NAME = AppIcon;
				CLANG_ENABLE_MODULES = YES;
				CODE_SIGN_ENTITLEMENTS = Afterparty/Afterparty.entitlements;
				CODE_SIGN_IDENTITY = "iPhone Distribution";
				"CODE_SIGN_IDENTITY[sdk=macosx*]" = "Apple Development";
				CODE_SIGN_STYLE = Manual;
				DEVELOPMENT_ASSET_PATHS = "\"Afterparty/Preview Content\"";
				DEVELOPMENT_TEAM = RQ632LL2X3;
				ENABLE_BITCODE = NO;
				ENABLE_PREVIEWS = YES;
				FRAMEWORK_SEARCH_PATHS = "$(inherited)";
				INFOPLIST_FILE = Afterparty/Info.plist;
				IPHONEOS_DEPLOYMENT_TARGET = 15.0;
				LD_RUNPATH_SEARCH_PATHS = (
					"$(inherited)",
					"@executable_path/Frameworks",
				);
				OTHER_LDFLAGS = (
					"$(OTHER_LDFLAGS)",
					"-ObjC",
				);
				PRODUCT_BUNDLE_IDENTIFIER = "$(APP_BUNDLE_ID)";
				PRODUCT_NAME = "$(TARGET_NAME)";
				PROVISIONING_PROFILE_SPECIFIER = AfterpartyAdHoc;
				"PROVISIONING_PROFILE_SPECIFIER[sdk=macosx*]" = "";
				SUPPORTED_PLATFORMS = "iphoneos iphonesimulator";
				SUPPORTS_MACCATALYST = YES;
				SUPPORTS_MAC_DESIGNED_FOR_IPHONE_IPAD = NO;
				SWIFT_OBJC_BRIDGING_HEADER = "";
				SWIFT_VERSION = 5.0;
				TARGETED_DEVICE_FAMILY = "1,2";
			};
			name = "Release Prod";
		};
		50EA4F3224B1607100A1D76C /* Release Prod */ = {
			isa = XCBuildConfiguration;
			baseConfigurationReference = 50EA4F3524B1652100A1D76C /* Prod.xcconfig */;
			buildSettings = {
				ALWAYS_EMBED_SWIFT_STANDARD_LIBRARIES = YES;
				BUNDLE_LOADER = "$(TEST_HOST)";
				CODE_SIGN_STYLE = Automatic;
				DEVELOPMENT_TEAM = RQ632LL2X3;
				INFOPLIST_FILE = AfterpartyTests/Info.plist;
				IPHONEOS_DEPLOYMENT_TARGET = 13.4;
				LD_RUNPATH_SEARCH_PATHS = (
					"$(inherited)",
					"@executable_path/Frameworks",
					"@loader_path/Frameworks",
				);
				PRODUCT_BUNDLE_IDENTIFIER = com.okun.AfterpartyTests;
				PRODUCT_NAME = "$(TARGET_NAME)";
				SWIFT_VERSION = 5.0;
				TARGETED_DEVICE_FAMILY = "1,2";
				TEST_HOST = "$(BUILT_PRODUCTS_DIR)/Afterparty.app/Afterparty";
			};
			name = "Release Prod";
		};
		50EA4F3324B1607100A1D76C /* Release Prod */ = {
			isa = XCBuildConfiguration;
			baseConfigurationReference = 50EA4F3524B1652100A1D76C /* Prod.xcconfig */;
			buildSettings = {
				ALWAYS_EMBED_SWIFT_STANDARD_LIBRARIES = YES;
				CODE_SIGN_STYLE = Automatic;
				DEVELOPMENT_TEAM = RQ632LL2X3;
				INFOPLIST_FILE = AfterpartyUITests/Info.plist;
				LD_RUNPATH_SEARCH_PATHS = (
					"$(inherited)",
					"@executable_path/Frameworks",
					"@loader_path/Frameworks",
				);
				PRODUCT_BUNDLE_IDENTIFIER = com.okun.AfterpartyUITests;
				PRODUCT_NAME = "$(TARGET_NAME)";
				SWIFT_VERSION = 5.0;
				TARGETED_DEVICE_FAMILY = "1,2";
				TEST_TARGET_NAME = Afterparty;
			};
			name = "Release Prod";
		};
		50EA4F3724B166CF00A1D76C /* Debug Staging */ = {
			isa = XCBuildConfiguration;
			baseConfigurationReference = 50EA4F4324B1673C00A1D76C /* Staging.xcconfig */;
			buildSettings = {
				ALWAYS_SEARCH_USER_PATHS = NO;
				CLANG_ANALYZER_NONNULL = YES;
				CLANG_ANALYZER_NUMBER_OBJECT_CONVERSION = YES_AGGRESSIVE;
				CLANG_CXX_LANGUAGE_STANDARD = "gnu++14";
				CLANG_CXX_LIBRARY = "libc++";
				CLANG_ENABLE_MODULES = YES;
				CLANG_ENABLE_OBJC_ARC = YES;
				CLANG_ENABLE_OBJC_WEAK = YES;
				CLANG_WARN_BLOCK_CAPTURE_AUTORELEASING = YES;
				CLANG_WARN_BOOL_CONVERSION = YES;
				CLANG_WARN_COMMA = YES;
				CLANG_WARN_CONSTANT_CONVERSION = YES;
				CLANG_WARN_DEPRECATED_OBJC_IMPLEMENTATIONS = YES;
				CLANG_WARN_DIRECT_OBJC_ISA_USAGE = YES_ERROR;
				CLANG_WARN_DOCUMENTATION_COMMENTS = YES;
				CLANG_WARN_EMPTY_BODY = YES;
				CLANG_WARN_ENUM_CONVERSION = YES;
				CLANG_WARN_INFINITE_RECURSION = YES;
				CLANG_WARN_INT_CONVERSION = YES;
				CLANG_WARN_NON_LITERAL_NULL_CONVERSION = YES;
				CLANG_WARN_OBJC_IMPLICIT_RETAIN_SELF = YES;
				CLANG_WARN_OBJC_LITERAL_CONVERSION = YES;
				CLANG_WARN_OBJC_ROOT_CLASS = YES_ERROR;
				CLANG_WARN_QUOTED_INCLUDE_IN_FRAMEWORK_HEADER = YES;
				CLANG_WARN_RANGE_LOOP_ANALYSIS = YES;
				CLANG_WARN_STRICT_PROTOTYPES = YES;
				CLANG_WARN_SUSPICIOUS_MOVE = YES;
				CLANG_WARN_UNGUARDED_AVAILABILITY = YES_AGGRESSIVE;
				CLANG_WARN_UNREACHABLE_CODE = YES;
				CLANG_WARN__DUPLICATE_METHOD_MATCH = YES;
				COPY_PHASE_STRIP = NO;
				DEBUG_INFORMATION_FORMAT = dwarf;
				ENABLE_STRICT_OBJC_MSGSEND = YES;
				ENABLE_TESTABILITY = YES;
				GCC_C_LANGUAGE_STANDARD = gnu11;
				GCC_DYNAMIC_NO_PIC = NO;
				GCC_NO_COMMON_BLOCKS = YES;
				GCC_OPTIMIZATION_LEVEL = 0;
				GCC_PREPROCESSOR_DEFINITIONS = (
					"DEBUG=1",
					"$(inherited)",
				);
				GCC_WARN_64_TO_32_BIT_CONVERSION = YES;
				GCC_WARN_ABOUT_RETURN_TYPE = YES_ERROR;
				GCC_WARN_UNDECLARED_SELECTOR = YES;
				GCC_WARN_UNINITIALIZED_AUTOS = YES_AGGRESSIVE;
				GCC_WARN_UNUSED_FUNCTION = YES;
				GCC_WARN_UNUSED_VARIABLE = YES;
				IPHONEOS_DEPLOYMENT_TARGET = 13.4;
				MTL_ENABLE_DEBUG_INFO = INCLUDE_SOURCE;
				MTL_FAST_MATH = YES;
				ONLY_ACTIVE_ARCH = YES;
				SDKROOT = iphoneos;
				SWIFT_ACTIVE_COMPILATION_CONDITIONS = DEBUG;
				SWIFT_OPTIMIZATION_LEVEL = "-Onone";
			};
			name = "Debug Staging";
		};
		50EA4F3824B166CF00A1D76C /* Debug Staging */ = {
			isa = XCBuildConfiguration;
			baseConfigurationReference = 50EA4F4324B1673C00A1D76C /* Staging.xcconfig */;
			buildSettings = {
				ASSETCATALOG_COMPILER_APPICON_NAME = AppIcon;
				CLANG_ENABLE_MODULES = YES;
				CODE_SIGN_ENTITLEMENTS = Afterparty/Afterparty.entitlements;
				CODE_SIGN_STYLE = Automatic;
				DEVELOPMENT_ASSET_PATHS = "\"Afterparty/Preview Content\"";
				DEVELOPMENT_TEAM = RQ632LL2X3;
				ENABLE_BITCODE = NO;
				ENABLE_PREVIEWS = YES;
				FRAMEWORK_SEARCH_PATHS = "$(inherited)";
				INFOPLIST_FILE = Afterparty/Info.plist;
				IPHONEOS_DEPLOYMENT_TARGET = 15.0;
				LD_RUNPATH_SEARCH_PATHS = (
					"$(inherited)",
					"@executable_path/Frameworks",
				);
				OTHER_LDFLAGS = (
					"$(OTHER_LDFLAGS)",
					"-ObjC",
				);
				PRODUCT_BUNDLE_IDENTIFIER = "$(APP_BUNDLE_ID)";
				PRODUCT_NAME = "$(TARGET_NAME)";
				SUPPORTED_PLATFORMS = "iphoneos iphonesimulator";
				SUPPORTS_MACCATALYST = YES;
				SUPPORTS_MAC_DESIGNED_FOR_IPHONE_IPAD = NO;
				SWIFT_OBJC_BRIDGING_HEADER = "";
				SWIFT_OPTIMIZATION_LEVEL = "-Onone";
				SWIFT_VERSION = 5.0;
				TARGETED_DEVICE_FAMILY = "1,2";
			};
			name = "Debug Staging";
		};
		50EA4F3924B166CF00A1D76C /* Debug Staging */ = {
			isa = XCBuildConfiguration;
			baseConfigurationReference = 50EA4F4324B1673C00A1D76C /* Staging.xcconfig */;
			buildSettings = {
				ALWAYS_EMBED_SWIFT_STANDARD_LIBRARIES = YES;
				BUNDLE_LOADER = "$(TEST_HOST)";
				CODE_SIGN_STYLE = Automatic;
				DEVELOPMENT_TEAM = RQ632LL2X3;
				INFOPLIST_FILE = AfterpartyTests/Info.plist;
				IPHONEOS_DEPLOYMENT_TARGET = 13.4;
				LD_RUNPATH_SEARCH_PATHS = (
					"$(inherited)",
					"@executable_path/Frameworks",
					"@loader_path/Frameworks",
				);
				PRODUCT_BUNDLE_IDENTIFIER = com.okun.AfterpartyTests;
				PRODUCT_NAME = "$(TARGET_NAME)";
				SWIFT_VERSION = 5.0;
				TARGETED_DEVICE_FAMILY = "1,2";
				TEST_HOST = "$(BUILT_PRODUCTS_DIR)/Afterparty.app/Afterparty";
			};
			name = "Debug Staging";
		};
		50EA4F3A24B166CF00A1D76C /* Debug Staging */ = {
			isa = XCBuildConfiguration;
			baseConfigurationReference = 50EA4F4324B1673C00A1D76C /* Staging.xcconfig */;
			buildSettings = {
				ALWAYS_EMBED_SWIFT_STANDARD_LIBRARIES = YES;
				CODE_SIGN_STYLE = Automatic;
				DEVELOPMENT_TEAM = RQ632LL2X3;
				INFOPLIST_FILE = AfterpartyUITests/Info.plist;
				LD_RUNPATH_SEARCH_PATHS = (
					"$(inherited)",
					"@executable_path/Frameworks",
					"@loader_path/Frameworks",
				);
				PRODUCT_BUNDLE_IDENTIFIER = com.okun.AfterpartyUITests;
				PRODUCT_NAME = "$(TARGET_NAME)";
				SWIFT_VERSION = 5.0;
				TARGETED_DEVICE_FAMILY = "1,2";
				TEST_TARGET_NAME = Afterparty;
			};
			name = "Debug Staging";
		};
		50EA4F3F24B166E200A1D76C /* Release Staging */ = {
			isa = XCBuildConfiguration;
			baseConfigurationReference = 50EA4F4324B1673C00A1D76C /* Staging.xcconfig */;
			buildSettings = {
				ALWAYS_SEARCH_USER_PATHS = NO;
				CLANG_ANALYZER_NONNULL = YES;
				CLANG_ANALYZER_NUMBER_OBJECT_CONVERSION = YES_AGGRESSIVE;
				CLANG_CXX_LANGUAGE_STANDARD = "gnu++14";
				CLANG_CXX_LIBRARY = "libc++";
				CLANG_ENABLE_MODULES = YES;
				CLANG_ENABLE_OBJC_ARC = YES;
				CLANG_ENABLE_OBJC_WEAK = YES;
				CLANG_WARN_BLOCK_CAPTURE_AUTORELEASING = YES;
				CLANG_WARN_BOOL_CONVERSION = YES;
				CLANG_WARN_COMMA = YES;
				CLANG_WARN_CONSTANT_CONVERSION = YES;
				CLANG_WARN_DEPRECATED_OBJC_IMPLEMENTATIONS = YES;
				CLANG_WARN_DIRECT_OBJC_ISA_USAGE = YES_ERROR;
				CLANG_WARN_DOCUMENTATION_COMMENTS = YES;
				CLANG_WARN_EMPTY_BODY = YES;
				CLANG_WARN_ENUM_CONVERSION = YES;
				CLANG_WARN_INFINITE_RECURSION = YES;
				CLANG_WARN_INT_CONVERSION = YES;
				CLANG_WARN_NON_LITERAL_NULL_CONVERSION = YES;
				CLANG_WARN_OBJC_IMPLICIT_RETAIN_SELF = YES;
				CLANG_WARN_OBJC_LITERAL_CONVERSION = YES;
				CLANG_WARN_OBJC_ROOT_CLASS = YES_ERROR;
				CLANG_WARN_QUOTED_INCLUDE_IN_FRAMEWORK_HEADER = YES;
				CLANG_WARN_RANGE_LOOP_ANALYSIS = YES;
				CLANG_WARN_STRICT_PROTOTYPES = YES;
				CLANG_WARN_SUSPICIOUS_MOVE = YES;
				CLANG_WARN_UNGUARDED_AVAILABILITY = YES_AGGRESSIVE;
				CLANG_WARN_UNREACHABLE_CODE = YES;
				CLANG_WARN__DUPLICATE_METHOD_MATCH = YES;
				COPY_PHASE_STRIP = NO;
				DEBUG_INFORMATION_FORMAT = "dwarf-with-dsym";
				ENABLE_NS_ASSERTIONS = NO;
				ENABLE_STRICT_OBJC_MSGSEND = YES;
				GCC_C_LANGUAGE_STANDARD = gnu11;
				GCC_NO_COMMON_BLOCKS = YES;
				GCC_WARN_64_TO_32_BIT_CONVERSION = YES;
				GCC_WARN_ABOUT_RETURN_TYPE = YES_ERROR;
				GCC_WARN_UNDECLARED_SELECTOR = YES;
				GCC_WARN_UNINITIALIZED_AUTOS = YES_AGGRESSIVE;
				GCC_WARN_UNUSED_FUNCTION = YES;
				GCC_WARN_UNUSED_VARIABLE = YES;
				IPHONEOS_DEPLOYMENT_TARGET = 13.4;
				MTL_ENABLE_DEBUG_INFO = NO;
				MTL_FAST_MATH = YES;
				SDKROOT = iphoneos;
				SWIFT_COMPILATION_MODE = wholemodule;
				SWIFT_OPTIMIZATION_LEVEL = "-O";
				VALIDATE_PRODUCT = YES;
			};
			name = "Release Staging";
		};
		50EA4F4024B166E200A1D76C /* Release Staging */ = {
			isa = XCBuildConfiguration;
			baseConfigurationReference = 50EA4F4324B1673C00A1D76C /* Staging.xcconfig */;
			buildSettings = {
				ASSETCATALOG_COMPILER_APPICON_NAME = AppIcon;
				CLANG_ENABLE_MODULES = YES;
				CODE_SIGN_ENTITLEMENTS = Afterparty/Afterparty.entitlements;
				CODE_SIGN_IDENTITY = "Apple Development";
				"CODE_SIGN_IDENTITY[sdk=macosx*]" = "Apple Development";
				CODE_SIGN_STYLE = Automatic;
				DEVELOPMENT_ASSET_PATHS = "\"Afterparty/Preview Content\"";
				DEVELOPMENT_TEAM = RQ632LL2X3;
				ENABLE_BITCODE = NO;
				ENABLE_PREVIEWS = YES;
				FRAMEWORK_SEARCH_PATHS = "$(inherited)";
				INFOPLIST_FILE = Afterparty/Info.plist;
				IPHONEOS_DEPLOYMENT_TARGET = 15.0;
				LD_RUNPATH_SEARCH_PATHS = (
					"$(inherited)",
					"@executable_path/Frameworks",
				);
				OTHER_LDFLAGS = (
					"$(OTHER_LDFLAGS)",
					"-ObjC",
				);
				PRODUCT_BUNDLE_IDENTIFIER = "$(APP_BUNDLE_ID)";
				PRODUCT_NAME = "$(TARGET_NAME)";
				PROVISIONING_PROFILE_SPECIFIER = "";
				"PROVISIONING_PROFILE_SPECIFIER[sdk=macosx*]" = "";
				SUPPORTED_PLATFORMS = "iphoneos iphonesimulator";
				SUPPORTS_MACCATALYST = YES;
				SUPPORTS_MAC_DESIGNED_FOR_IPHONE_IPAD = NO;
				SWIFT_OBJC_BRIDGING_HEADER = "";
				SWIFT_VERSION = 5.0;
				TARGETED_DEVICE_FAMILY = "1,2";
			};
			name = "Release Staging";
		};
		50EA4F4124B166E200A1D76C /* Release Staging */ = {
			isa = XCBuildConfiguration;
			baseConfigurationReference = 50EA4F4324B1673C00A1D76C /* Staging.xcconfig */;
			buildSettings = {
				ALWAYS_EMBED_SWIFT_STANDARD_LIBRARIES = YES;
				BUNDLE_LOADER = "$(TEST_HOST)";
				CODE_SIGN_STYLE = Automatic;
				DEVELOPMENT_TEAM = RQ632LL2X3;
				INFOPLIST_FILE = AfterpartyTests/Info.plist;
				IPHONEOS_DEPLOYMENT_TARGET = 13.4;
				LD_RUNPATH_SEARCH_PATHS = (
					"$(inherited)",
					"@executable_path/Frameworks",
					"@loader_path/Frameworks",
				);
				PRODUCT_BUNDLE_IDENTIFIER = com.okun.AfterpartyTests;
				PRODUCT_NAME = "$(TARGET_NAME)";
				SWIFT_VERSION = 5.0;
				TARGETED_DEVICE_FAMILY = "1,2";
				TEST_HOST = "$(BUILT_PRODUCTS_DIR)/Afterparty.app/Afterparty";
			};
			name = "Release Staging";
		};
		50EA4F4224B166E200A1D76C /* Release Staging */ = {
			isa = XCBuildConfiguration;
			baseConfigurationReference = 50EA4F4324B1673C00A1D76C /* Staging.xcconfig */;
			buildSettings = {
				ALWAYS_EMBED_SWIFT_STANDARD_LIBRARIES = YES;
				CODE_SIGN_STYLE = Automatic;
				DEVELOPMENT_TEAM = RQ632LL2X3;
				INFOPLIST_FILE = AfterpartyUITests/Info.plist;
				LD_RUNPATH_SEARCH_PATHS = (
					"$(inherited)",
					"@executable_path/Frameworks",
					"@loader_path/Frameworks",
				);
				PRODUCT_BUNDLE_IDENTIFIER = com.okun.AfterpartyUITests;
				PRODUCT_NAME = "$(TARGET_NAME)";
				SWIFT_VERSION = 5.0;
				TARGETED_DEVICE_FAMILY = "1,2";
				TEST_TARGET_NAME = Afterparty;
			};
			name = "Release Staging";
		};
/* End XCBuildConfiguration section */

/* Begin XCConfigurationList section */
		507D4F86245E52A20019C25C /* Build configuration list for PBXProject "Afterparty" */ = {
			isa = XCConfigurationList;
			buildConfigurations = (
				507D4FB6245E52A30019C25C /* Debug Dev */,
				50EA4F3724B166CF00A1D76C /* Debug Staging */,
				50EA4F2C24B1605F00A1D76C /* Debug Prod */,
				507D4FB7245E52A30019C25C /* Release Dev */,
				50EA4F3F24B166E200A1D76C /* Release Staging */,
				50EA4F3024B1607100A1D76C /* Release Prod */,
			);
			defaultConfigurationIsVisible = 0;
			defaultConfigurationName = "Release Prod";
		};
		507D4FB8245E52A30019C25C /* Build configuration list for PBXNativeTarget "Afterparty" */ = {
			isa = XCConfigurationList;
			buildConfigurations = (
				507D4FB9245E52A30019C25C /* Debug Dev */,
				50EA4F3824B166CF00A1D76C /* Debug Staging */,
				50EA4F2D24B1605F00A1D76C /* Debug Prod */,
				507D4FBA245E52A30019C25C /* Release Dev */,
				50EA4F4024B166E200A1D76C /* Release Staging */,
				50EA4F3124B1607100A1D76C /* Release Prod */,
			);
			defaultConfigurationIsVisible = 0;
			defaultConfigurationName = "Release Prod";
		};
		507D4FBB245E52A30019C25C /* Build configuration list for PBXNativeTarget "AfterpartyTests" */ = {
			isa = XCConfigurationList;
			buildConfigurations = (
				507D4FBC245E52A30019C25C /* Debug Dev */,
				50EA4F3924B166CF00A1D76C /* Debug Staging */,
				50EA4F2E24B1605F00A1D76C /* Debug Prod */,
				507D4FBD245E52A30019C25C /* Release Dev */,
				50EA4F4124B166E200A1D76C /* Release Staging */,
				50EA4F3224B1607100A1D76C /* Release Prod */,
			);
			defaultConfigurationIsVisible = 0;
			defaultConfigurationName = "Release Prod";
		};
		507D4FBE245E52A30019C25C /* Build configuration list for PBXNativeTarget "AfterpartyUITests" */ = {
			isa = XCConfigurationList;
			buildConfigurations = (
				507D4FBF245E52A30019C25C /* Debug Dev */,
				50EA4F3A24B166CF00A1D76C /* Debug Staging */,
				50EA4F2F24B1605F00A1D76C /* Debug Prod */,
				507D4FC0245E52A30019C25C /* Release Dev */,
				50EA4F4224B166E200A1D76C /* Release Staging */,
				50EA4F3324B1607100A1D76C /* Release Prod */,
			);
			defaultConfigurationIsVisible = 0;
			defaultConfigurationName = "Release Prod";
		};
/* End XCConfigurationList section */

/* Begin XCRemoteSwiftPackageReference section */
		5039458627719EFA00468D22 /* XCRemoteSwiftPackageReference "appcenter-sdk-apple" */ = {
			isa = XCRemoteSwiftPackageReference;
			repositoryURL = "https://github.com/microsoft/appcenter-sdk-apple";
			requirement = {
				kind = upToNextMajorVersion;
				minimumVersion = 4.0.0;
			};
		};
		50B74B592496A56E00C461CD /* XCRemoteSwiftPackageReference "afterparty-models-swift" */ = {
			isa = XCRemoteSwiftPackageReference;
			repositoryURL = "https://github.com/dokun1/afterparty-models-swift";
			requirement = {
				kind = upToNextMajorVersion;
				minimumVersion = 0.1.0;
			};
		};
/* End XCRemoteSwiftPackageReference section */

/* Begin XCSwiftPackageProductDependency section */
		5039458727719EFA00468D22 /* AppCenterDistribute */ = {
			isa = XCSwiftPackageProductDependency;
			package = 5039458627719EFA00468D22 /* XCRemoteSwiftPackageReference "appcenter-sdk-apple" */;
			productName = AppCenterDistribute;
		};
		50B74B5A2496A56E00C461CD /* afterparty-models-swift */ = {
			isa = XCSwiftPackageProductDependency;
			package = 50B74B592496A56E00C461CD /* XCRemoteSwiftPackageReference "afterparty-models-swift" */;
			productName = "afterparty-models-swift";
		};
/* End XCSwiftPackageProductDependency section */

/* Begin XCVersionGroup section */
		507D4F92245E52A20019C25C /* Afterparty.xcdatamodeld */ = {
			isa = XCVersionGroup;
			children = (
				507D4F93245E52A20019C25C /* Afterparty.xcdatamodel */,
			);
			currentVersion = 507D4F93245E52A20019C25C /* Afterparty.xcdatamodel */;
			path = Afterparty.xcdatamodeld;
			sourceTree = "<group>";
			versionGroupType = wrapper.xcdatamodel;
		};
/* End XCVersionGroup section */
	};
	rootObject = 507D4F83245E52A20019C25C /* Project object */;
}
